// !$*UTF8*$!
{
	archiveVersion = 1;
	classes = {
	};
	objectVersion = 46;
	objects = {

/* Begin PBXBuildFile section */
		267F0AF41CE93AA300C90CE5 /* GoogleService-Info.plist in Resources */ = {isa = PBXBuildFile; fileRef = 267F0AF31CE93AA300C90CE5 /* GoogleService-Info.plist */; };
		4AEBD5701BF0109B00874961 /* AppDelegate.swift in Sources */ = {isa = PBXBuildFile; fileRef = 4AEBD56F1BF0109B00874961 /* AppDelegate.swift */; };
		4AEBD5721BF0109B00874961 /* ViewController.swift in Sources */ = {isa = PBXBuildFile; fileRef = 4AEBD5711BF0109B00874961 /* ViewController.swift */; };
		4AEBD5751BF0109B00874961 /* Main.storyboard in Resources */ = {isa = PBXBuildFile; fileRef = 4AEBD5731BF0109B00874961 /* Main.storyboard */; };
		4AEBD5771BF0109B00874961 /* Assets.xcassets in Resources */ = {isa = PBXBuildFile; fileRef = 4AEBD5761BF0109B00874961 /* Assets.xcassets */; };
		4AEBD57A1BF0109B00874961 /* LaunchScreen.storyboard in Resources */ = {isa = PBXBuildFile; fileRef = 4AEBD5781BF0109B00874961 /* LaunchScreen.storyboard */; };
		4AEC64101BFAAB9600CF6A16 /* NativeAppInstallAdView.xib in Resources */ = {isa = PBXBuildFile; fileRef = 4AEC640C1BFAAB9600CF6A16 /* NativeAppInstallAdView.xib */; };
		4AEC64111BFAAB9600CF6A16 /* NativeContentAdView.xib in Resources */ = {isa = PBXBuildFile; fileRef = 4AEC640E1BFAAB9600CF6A16 /* NativeContentAdView.xib */; };
/* End PBXBuildFile section */

/* Begin PBXFileReference section */
		267F0AF31CE93AA300C90CE5 /* GoogleService-Info.plist */ = {isa = PBXFileReference; fileEncoding = 4; lastKnownFileType = text.plist.xml; path = "GoogleService-Info.plist"; sourceTree = "<group>"; };
		4AEBD56C1BF0109B00874961 /* NativeExample.app */ = {isa = PBXFileReference; explicitFileType = wrapper.application; includeInIndex = 0; path = NativeExample.app; sourceTree = BUILT_PRODUCTS_DIR; };
		4AEBD56F1BF0109B00874961 /* AppDelegate.swift */ = {isa = PBXFileReference; lastKnownFileType = sourcecode.swift; path = AppDelegate.swift; sourceTree = "<group>"; };
		4AEBD5711BF0109B00874961 /* ViewController.swift */ = {isa = PBXFileReference; lastKnownFileType = sourcecode.swift; path = ViewController.swift; sourceTree = "<group>"; };
		4AEBD5741BF0109B00874961 /* Base */ = {isa = PBXFileReference; lastKnownFileType = file.storyboard; name = Base; path = Base.lproj/Main.storyboard; sourceTree = "<group>"; };
		4AEBD5761BF0109B00874961 /* Assets.xcassets */ = {isa = PBXFileReference; lastKnownFileType = folder.assetcatalog; path = Assets.xcassets; sourceTree = "<group>"; };
		4AEBD5791BF0109B00874961 /* Base */ = {isa = PBXFileReference; lastKnownFileType = file.storyboard; name = Base; path = Base.lproj/LaunchScreen.storyboard; sourceTree = "<group>"; };
		4AEBD57B1BF0109B00874961 /* Info.plist */ = {isa = PBXFileReference; lastKnownFileType = text.plist.xml; path = Info.plist; sourceTree = "<group>"; };
		4AEC640D1BFAAB9600CF6A16 /* Base */ = {isa = PBXFileReference; lastKnownFileType = file.xib; name = Base; path = Base.lproj/NativeAppInstallAdView.xib; sourceTree = "<group>"; };
		4AEC640F1BFAAB9600CF6A16 /* Base */ = {isa = PBXFileReference; lastKnownFileType = file.xib; name = Base; path = Base.lproj/NativeContentAdView.xib; sourceTree = "<group>"; };
/* End PBXFileReference section */

/* Begin PBXFrameworksBuildPhase section */
		4AEBD5691BF0109B00874961 /* Frameworks */ = {
			isa = PBXFrameworksBuildPhase;
			buildActionMask = 2147483647;
			files = (
			);
			runOnlyForDeploymentPostprocessing = 0;
		};
/* End PBXFrameworksBuildPhase section */

/* Begin PBXGroup section */
		4AEBD5631BF0109A00874961 = {
			isa = PBXGroup;
			children = (
				4AEBD56E1BF0109B00874961 /* NativeExample */,
				4AEBD56D1BF0109B00874961 /* Products */,
			);
			sourceTree = "<group>";
		};
		4AEBD56D1BF0109B00874961 /* Products */ = {
			isa = PBXGroup;
			children = (
				4AEBD56C1BF0109B00874961 /* NativeExample.app */,
			);
			name = Products;
			sourceTree = "<group>";
		};
		4AEBD56E1BF0109B00874961 /* NativeExample */ = {
			isa = PBXGroup;
			children = (
				267F0AF31CE93AA300C90CE5 /* GoogleService-Info.plist */,
				4AEBD56F1BF0109B00874961 /* AppDelegate.swift */,
				4AEBD5711BF0109B00874961 /* ViewController.swift */,
				4AEBD5731BF0109B00874961 /* Main.storyboard */,
				4AEBD5781BF0109B00874961 /* LaunchScreen.storyboard */,
				4AEC640C1BFAAB9600CF6A16 /* NativeAppInstallAdView.xib */,
				4AEC640E1BFAAB9600CF6A16 /* NativeContentAdView.xib */,
				4AEBD5761BF0109B00874961 /* Assets.xcassets */,
				4AEBD57B1BF0109B00874961 /* Info.plist */,
			);
			path = NativeExample;
			sourceTree = "<group>";
		};
/* End PBXGroup section */

/* Begin PBXNativeTarget section */
		4AEBD56B1BF0109B00874961 /* NativeExample */ = {
			isa = PBXNativeTarget;
			buildConfigurationList = 4AEBD57E1BF0109B00874961 /* Build configuration list for PBXNativeTarget "NativeExample" */;
			buildPhases = (
				4AEBD5681BF0109B00874961 /* Sources */,
				4AEBD5691BF0109B00874961 /* Frameworks */,
				4AEBD56A1BF0109B00874961 /* Resources */,
			);
			buildRules = (
			);
			dependencies = (
			);
			name = NativeExample;
			productName = NativeExample;
			productReference = 4AEBD56C1BF0109B00874961 /* NativeExample.app */;
			productType = "com.apple.product-type.application";
		};
/* End PBXNativeTarget section */

/* Begin PBXProject section */
		4AEBD5641BF0109A00874961 /* Project object */ = {
			isa = PBXProject;
			attributes = {
				LastSwiftUpdateCheck = 0710;
				LastUpgradeCheck = 0720;
				ORGANIZATIONNAME = Google;
				TargetAttributes = {
					4AEBD56B1BF0109B00874961 = {
						CreatedOnToolsVersion = 7.1;
					};
				};
			};
			buildConfigurationList = 4AEBD5671BF0109A00874961 /* Build configuration list for PBXProject "NativeExample" */;
			compatibilityVersion = "Xcode 3.2";
			developmentRegion = English;
			hasScannedForEncodings = 0;
			knownRegions = (
				en,
				Base,
			);
			mainGroup = 4AEBD5631BF0109A00874961;
			productRefGroup = 4AEBD56D1BF0109B00874961 /* Products */;
			projectDirPath = "";
			projectRoot = "";
			targets = (
				4AEBD56B1BF0109B00874961 /* NativeExample */,
			);
		};
/* End PBXProject section */

/* Begin PBXResourcesBuildPhase section */
		4AEBD56A1BF0109B00874961 /* Resources */ = {
			isa = PBXResourcesBuildPhase;
			buildActionMask = 2147483647;
			files = (
				4AEBD57A1BF0109B00874961 /* LaunchScreen.storyboard in Resources */,
				4AEBD5771BF0109B00874961 /* Assets.xcassets in Resources */,
				4AEC64101BFAAB9600CF6A16 /* NativeAppInstallAdView.xib in Resources */,
				4AEC64111BFAAB9600CF6A16 /* NativeContentAdView.xib in Resources */,
				4AEBD5751BF0109B00874961 /* Main.storyboard in Resources */,
				267F0AF41CE93AA300C90CE5 /* GoogleService-Info.plist in Resources */,
			);
			runOnlyForDeploymentPostprocessing = 0;
		};
/* End PBXResourcesBuildPhase section */

/* Begin PBXSourcesBuildPhase section */
		4AEBD5681BF0109B00874961 /* Sources */ = {
			isa = PBXSourcesBuildPhase;
			buildActionMask = 2147483647;
			files = (
				4AEBD5721BF0109B00874961 /* ViewController.swift in Sources */,
				4AEBD5701BF0109B00874961 /* AppDelegate.swift in Sources */,
			);
			runOnlyForDeploymentPostprocessing = 0;
		};
/* End PBXSourcesBuildPhase section */

/* Begin PBXVariantGroup section */
		4AEBD5731BF0109B00874961 /* Main.storyboard */ = {
			isa = PBXVariantGroup;
			children = (
				4AEBD5741BF0109B00874961 /* Base */,
			);
			name = Main.storyboard;
			sourceTree = "<group>";
		};
		4AEBD5781BF0109B00874961 /* LaunchScreen.storyboard */ = {
			isa = PBXVariantGroup;
			children = (
				4AEBD5791BF0109B00874961 /* Base */,
			);
			name = LaunchScreen.storyboard;
			sourceTree = "<group>";
		};
		4AEC640C1BFAAB9600CF6A16 /* NativeAppInstallAdView.xib */ = {
			isa = PBXVariantGroup;
			children = (
				4AEC640D1BFAAB9600CF6A16 /* Base */,
			);
			name = NativeAppInstallAdView.xib;
			sourceTree = "<group>";
		};
		4AEC640E1BFAAB9600CF6A16 /* NativeContentAdView.xib */ = {
			isa = PBXVariantGroup;
			children = (
				4AEC640F1BFAAB9600CF6A16 /* Base */,
			);
			name = NativeContentAdView.xib;
			sourceTree = "<group>";
		};
/* End PBXVariantGroup section */

/* Begin XCBuildConfiguration section */
		4AEBD57C1BF0109B00874961 /* Debug */ = {
			isa = XCBuildConfiguration;
			buildSettings = {
				ALWAYS_SEARCH_USER_PATHS = NO;
				CLANG_CXX_LANGUAGE_STANDARD = "gnu++0x";
				CLANG_CXX_LIBRARY = "libc++";
				CLANG_ENABLE_MODULES = YES;
				CLANG_ENABLE_OBJC_ARC = YES;
				CLANG_WARN_BOOL_CONVERSION = YES;
				CLANG_WARN_CONSTANT_CONVERSION = YES;
				CLANG_WARN_DIRECT_OBJC_ISA_USAGE = YES_ERROR;
				CLANG_WARN_EMPTY_BODY = YES;
				CLANG_WARN_ENUM_CONVERSION = YES;
				CLANG_WARN_INT_CONVERSION = YES;
				CLANG_WARN_OBJC_ROOT_CLASS = YES_ERROR;
				CLANG_WARN_UNREACHABLE_CODE = YES;
				CLANG_WARN__DUPLICATE_METHOD_MATCH = YES;
				"CODE_SIGN_IDENTITY[sdk=iphoneos*]" = "iPhone Developer";
				COPY_PHASE_STRIP = NO;
				DEBUG_INFORMATION_FORMAT = dwarf;
				ENABLE_BITCODE = YES;
				ENABLE_STRICT_OBJC_MSGSEND = YES;
				ENABLE_TESTABILITY = YES;
				GCC_C_LANGUAGE_STANDARD = gnu99;
				GCC_DYNAMIC_NO_PIC = NO;
				GCC_NO_COMMON_BLOCKS = YES;
				GCC_OPTIMIZATION_LEVEL = 0;
				GCC_PREPROCESSOR_DEFINITIONS = (
					"DEBUG=1",
					"$(inherited)",
				);
				GCC_WARN_64_TO_32_BIT_CONVERSION = YES;
				GCC_WARN_ABOUT_RETURN_TYPE = YES_ERROR;
				GCC_WARN_UNDECLARED_SELECTOR = YES;
				GCC_WARN_UNINITIALIZED_AUTOS = YES_AGGRESSIVE;
				GCC_WARN_UNUSED_FUNCTION = YES;
				GCC_WARN_UNUSED_VARIABLE = YES;
				IPHONEOS_DEPLOYMENT_TARGET = 9.1;
				MTL_ENABLE_DEBUG_INFO = YES;
				ONLY_ACTIVE_ARCH = YES;
				SDKROOT = iphoneos;
				SWIFT_OPTIMIZATION_LEVEL = "-Onone";
			};
			name = Debug;
		};
		4AEBD57D1BF0109B00874961 /* Release */ = {
			isa = XCBuildConfiguration;
			buildSettings = {
				ALWAYS_SEARCH_USER_PATHS = NO;
				CLANG_CXX_LANGUAGE_STANDARD = "gnu++0x";
				CLANG_CXX_LIBRARY = "libc++";
				CLANG_ENABLE_MODULES = YES;
				CLANG_ENABLE_OBJC_ARC = YES;
				CLANG_WARN_BOOL_CONVERSION = YES;
				CLANG_WARN_CONSTANT_CONVERSION = YES;
				CLANG_WARN_DIRECT_OBJC_ISA_USAGE = YES_ERROR;
				CLANG_WARN_EMPTY_BODY = YES;
				CLANG_WARN_ENUM_CONVERSION = YES;
				CLANG_WARN_INT_CONVERSION = YES;
				CLANG_WARN_OBJC_ROOT_CLASS = YES_ERROR;
				CLANG_WARN_UNREACHABLE_CODE = YES;
				CLANG_WARN__DUPLICATE_METHOD_MATCH = YES;
				"CODE_SIGN_IDENTITY[sdk=iphoneos*]" = "iPhone Developer";
				COPY_PHASE_STRIP = NO;
				DEBUG_INFORMATION_FORMAT = "dwarf-with-dsym";
				ENABLE_BITCODE = YES;
				ENABLE_NS_ASSERTIONS = NO;
				ENABLE_STRICT_OBJC_MSGSEND = YES;
				ENABLE_TESTABILITY = NO;
				GCC_C_LANGUAGE_STANDARD = gnu99;
				GCC_NO_COMMON_BLOCKS = YES;
				GCC_WARN_64_TO_32_BIT_CONVERSION = YES;
				GCC_WARN_ABOUT_RETURN_TYPE = YES_ERROR;
				GCC_WARN_UNDECLARED_SELECTOR = YES;
				GCC_WARN_UNINITIALIZED_AUTOS = YES_AGGRESSIVE;
				GCC_WARN_UNUSED_FUNCTION = YES;
				GCC_WARN_UNUSED_VARIABLE = YES;
				IPHONEOS_DEPLOYMENT_TARGET = 9.1;
				MTL_ENABLE_DEBUG_INFO = NO;
				SDKROOT = iphoneos;
				VALIDATE_PRODUCT = YES;
			};
			name = Release;
		};
		4AEBD57F1BF0109B00874961 /* Debug */ = {
			isa = XCBuildConfiguration;
			buildSettings = {
				ASSETCATALOG_COMPILER_APPICON_NAME = AppIcon;
				ASSETCATALOG_COMPILER_LAUNCHIMAGE_NAME = LaunchImages;
				INFOPLIST_FILE = NativeExample/Info.plist;
				IPHONEOS_DEPLOYMENT_TARGET = 7.0;
				LD_RUNPATH_SEARCH_PATHS = "$(inherited) @executable_path/Frameworks";
				PRODUCT_BUNDLE_IDENTIFIER = com.google.NativeExample;
				PRODUCT_NAME = "$(TARGET_NAME)";
				TARGETED_DEVICE_FAMILY = "1,2";
			};
			name = Debug;
		};
		4AEBD5801BF0109B00874961 /* Release */ = {
			isa = XCBuildConfiguration;
			buildSettings = {
				ASSETCATALOG_COMPILER_APPICON_NAME = AppIcon;
				ASSETCATALOG_COMPILER_LAUNCHIMAGE_NAME = LaunchImages;
				INFOPLIST_FILE = NativeExample/Info.plist;
				IPHONEOS_DEPLOYMENT_TARGET = 7.0;
				LD_RUNPATH_SEARCH_PATHS = "$(inherited) @executable_path/Frameworks";
				PRODUCT_BUNDLE_IDENTIFIER = com.google.NativeExample;
				PRODUCT_NAME = "$(TARGET_NAME)";
				TARGETED_DEVICE_FAMILY = "1,2";
			};
			name = Release;
		};
/* End XCBuildConfiguration section */

/* Begin XCConfigurationList section */
		4AEBD5671BF0109A00874961 /* Build configuration list for PBXProject "NativeExample" */ = {
			isa = XCConfigurationList;
			buildConfigurations = (
				4AEBD57C1BF0109B00874961 /* Debug */,
				4AEBD57D1BF0109B00874961 /* Release */,
			);
			defaultConfigurationIsVisible = 0;
			defaultConfigurationName = Release;
		};
		4AEBD57E1BF0109B00874961 /* Build configuration list for PBXNativeTarget "NativeExample" */ = {
			isa = XCConfigurationList;
			buildConfigurations = (
				4AEBD57F1BF0109B00874961 /* Debug */,
				4AEBD5801BF0109B00874961 /* Release */,
			);
			defaultConfigurationIsVisible = 0;
			defaultConfigurationName = Release;
		};
/* End XCConfigurationList section */
	};
	rootObject = 4AEBD5641BF0109A00874961 /* Project object */;
}
