PODS:
  - Google-Mobile-Ads-SDK (7.41.0)

DEPENDENCIES:
  - Google-Mobile-Ads-SDK

SPEC REPOS:
  https://github.com/cocoapods/specs.git:
    - Google-Mobile-Ads-SDK

SPEC CHECKSUMS:
  Google-Mobile-Ads-SDK: 101ce89b94fdf60ec64ba7b6e9b9d812dc765936

PODFILE CHECKSUM: 5fbe4568e55f4725a2d64d25cbddeaaa48077cbc

COCOAPODS: 1.5.3
