PODS:
  - Google-Mobile-Ads-SDK (7.39.0)

DEPENDENCIES:
  - Google-Mobile-Ads-SDK

SPEC REPOS:
  https://github.com/cocoapods/specs.git:
    - Google-Mobile-Ads-SDK

SPEC CHECKSUMS:
  Google-Mobile-Ads-SDK: d0f10a7c4d7015db23075ff316602350d12049db

PODFILE CHECKSUM: e55f8d65c94d23de734bdb4ef9feaeff83fff2a2

COCOAPODS: 1.5.3
