PODS:
  - Firebase/AdMob (3.12.0):
    - Firebase/Core
    - Google-Mobile-Ads-SDK (= 7.17.0)
  - Firebase/Core (3.12.0):
    - FirebaseAnalytics (= 3.6.0)
    - FirebaseCore (= 3.4.7)
  - FirebaseAnalytics (3.6.0):
    - FirebaseCore (~> 3.4)
    - FirebaseInstanceID (~> 1.0)
    - GoogleInterchangeUtilities (~> 1.2)
    - GoogleSymbolUtilities (~> 1.1)
    - GoogleToolboxForMac/NSData+zlib (~> 2.1)
  - FirebaseCore (3.4.7):
    - GoogleInterchangeUtilities (~> 1.2)
    - GoogleSymbolUtilities (~> 1.1)
    - GoogleToolboxForMac/NSData+zlib (~> 2.1)
  - FirebaseInstanceID (1.0.8)
  - Google-Mobile-Ads-SDK (7.17.0)
  - GoogleInterchangeUtilities (1.2.2):
    - GoogleSymbolUtilities (~> 1.1)
  - GoogleSymbolUtilities (1.1.2)
  - GoogleToolboxForMac/Defines (2.1.1)
  - GoogleToolboxForMac/NSData+zlib (2.1.1):
    - GoogleToolboxForMac/Defines (= 2.1.1)

DEPENDENCIES:
  - Firebase/AdMob
  - Firebase/Core

SPEC CHECKSUMS:
  Firebase: 8e99eb1ff553ad5bcc6072cc3d925bb89c1244d6
  FirebaseAnalytics: 9c67af0ebeb8d2146c9b4ea2616439affa947b58
  FirebaseCore: 46afaf2c2e0419ea7d3acfb08cf26a461a75fe85
  FirebaseInstanceID: ba1e640935235e5fac39dfa816fe7660e72e1a8a
  Google-Mobile-Ads-SDK: a8bf4211624999b73e4184be516f94770b139525
  GoogleInterchangeUtilities: d5bc4d88d5b661ab72f9d70c58d02ca8c27ad1f7
  GoogleSymbolUtilities: 631ee17048aa5e9ab133470d768ea997a5ef9b96
  GoogleToolboxForMac: 8e329f1b599f2512c6b10676d45736bcc2cbbeb0

PODFILE CHECKSUM: fe3bd7a5175c2a4bec821e4239b8c613b35fc18a

COCOAPODS: 1.2.0
