PODS:
  - Google-Mobile-Ads-SDK (7.39.0)

DEPENDENCIES:
  - Google-Mobile-Ads-SDK

SPEC REPOS:
  https://github.com/cocoapods/specs.git:
    - Google-Mobile-Ads-SDK

SPEC CHECKSUMS:
  Google-Mobile-Ads-SDK: d0f10a7c4d7015db23075ff316602350d12049db

PODFILE CHECKSUM: 566c40e2b89767a8c4c9182597b5d1b30b773720

COCOAPODS: 1.5.3
