// !$*UTF8*$!
{
	archiveVersion = 1;
	classes = {
	};
	objectVersion = 50;
	objects = {

/* Begin PBXBuildFile section */
		2B169D6926F1F41E00AB7B77 /* MainViewController.m in Sources */ = {isa = PBXBuildFile; fileRef = 2B169D6726F1F41E00AB7B77 /* MainViewController.m */; };
		2BA7163326F073B700D9382D /* SplashViewController.m in Sources */ = {isa = PBXBuildFile; fileRef = 2BA7163226F073B700D9382D /* SplashViewController.m */; };
		2BA7163626F122A500D9382D /* AppOpenAdManager.m in Sources */ = {isa = PBXBuildFile; fileRef = 2BA7163526F122A500D9382D /* AppOpenAdManager.m */; };
		50CF72B122FE190400C450A7 /* AppDelegate.m in Sources */ = {isa = PBXBuildFile; fileRef = 50CF72B022FE190400C450A7 /* AppDelegate.m */; };
		50CF72B722FE190400C450A7 /* Main.storyboard in Resources */ = {isa = PBXBuildFile; fileRef = 50CF72B522FE190400C450A7 /* Main.storyboard */; };
		50CF72B922FE190500C450A7 /* Assets.xcassets in Resources */ = {isa = PBXBuildFile; fileRef = 50CF72B822FE190500C450A7 /* Assets.xcassets */; };
		50CF72BC22FE190600C450A7 /* LaunchScreen.storyboard in Resources */ = {isa = PBXBuildFile; fileRef = 50CF72BA22FE190600C450A7 /* LaunchScreen.storyboard */; };
		50CF72BF22FE190600C450A7 /* main.m in Sources */ = {isa = PBXBuildFile; fileRef = 50CF72BE22FE190600C450A7 /* main.m */; };
		A89F3F2F2A8AAD1400ADB803 /* GoogleMobileAdsConsentManager.m in Sources */ = {isa = PBXBuildFile; fileRef = A89F3F2E2A8AAD1400ADB803 /* GoogleMobileAdsConsentManager.m */; };
/* End PBXBuildFile section */

/* Begin PBXFileReference section */
		2B169D6726F1F41E00AB7B77 /* MainViewController.m */ = {isa = PBXFileReference; fileEncoding = 4; lastKnownFileType = sourcecode.c.objc; path = MainViewController.m; sourceTree = "<group>"; };
		2B169D6826F1F41E00AB7B77 /* MainViewController.h */ = {isa = PBXFileReference; fileEncoding = 4; lastKnownFileType = sourcecode.c.h; path = MainViewController.h; sourceTree = "<group>"; };
		2BA7163026F0732900D9382D /* SplashViewController.h */ = {isa = PBXFileReference; lastKnownFileType = sourcecode.c.h; path = SplashViewController.h; sourceTree = "<group>"; };
		2BA7163226F073B700D9382D /* SplashViewController.m */ = {isa = PBXFileReference; lastKnownFileType = sourcecode.c.objc; path = SplashViewController.m; sourceTree = "<group>"; };
		2BA7163526F122A500D9382D /* AppOpenAdManager.m */ = {isa = PBXFileReference; lastKnownFileType = sourcecode.c.objc; path = AppOpenAdManager.m; sourceTree = "<group>"; };
		2BA7163726F122C600D9382D /* AppOpenAdManager.h */ = {isa = PBXFileReference; lastKnownFileType = sourcecode.c.h; path = AppOpenAdManager.h; sourceTree = "<group>"; };
		50CF72AC22FE190400C450A7 /* AppOpenExample.app */ = {isa = PBXFileReference; explicitFileType = wrapper.application; includeInIndex = 0; path = AppOpenExample.app; sourceTree = BUILT_PRODUCTS_DIR; };
		50CF72AF22FE190400C450A7 /* AppDelegate.h */ = {isa = PBXFileReference; lastKnownFileType = sourcecode.c.h; path = AppDelegate.h; sourceTree = "<group>"; };
		50CF72B022FE190400C450A7 /* AppDelegate.m */ = {isa = PBXFileReference; lastKnownFileType = sourcecode.c.objc; path = AppDelegate.m; sourceTree = "<group>"; };
		50CF72B622FE190400C450A7 /* Base */ = {isa = PBXFileReference; lastKnownFileType = file.storyboard; name = Base; path = Base.lproj/Main.storyboard; sourceTree = "<group>"; };
		50CF72B822FE190500C450A7 /* Assets.xcassets */ = {isa = PBXFileReference; lastKnownFileType = folder.assetcatalog; path = Assets.xcassets; sourceTree = "<group>"; };
		50CF72BB22FE190600C450A7 /* Base */ = {isa = PBXFileReference; lastKnownFileType = file.storyboard; name = Base; path = Base.lproj/LaunchScreen.storyboard; sourceTree = "<group>"; };
		50CF72BD22FE190600C450A7 /* Info.plist */ = {isa = PBXFileReference; lastKnownFileType = text.plist.xml; path = Info.plist; sourceTree = "<group>"; };
		50CF72BE22FE190600C450A7 /* main.m */ = {isa = PBXFileReference; lastKnownFileType = sourcecode.c.objc; path = main.m; sourceTree = "<group>"; };
		A89F3F2D2A8AAD1400ADB803 /* GoogleMobileAdsConsentManager.h */ = {isa = PBXFileReference; fileEncoding = 4; lastKnownFileType = sourcecode.c.h; path = GoogleMobileAdsConsentManager.h; sourceTree = "<group>"; };
		A89F3F2E2A8AAD1400ADB803 /* GoogleMobileAdsConsentManager.m */ = {isa = PBXFileReference; fileEncoding = 4; lastKnownFileType = sourcecode.c.objc; path = GoogleMobileAdsConsentManager.m; sourceTree = "<group>"; };
/* End PBXFileReference section */

/* Begin PBXFrameworksBuildPhase section */
		50CF72A922FE190400C450A7 /* Frameworks */ = {
			isa = PBXFrameworksBuildPhase;
			buildActionMask = 2147483647;
			files = (
			);
			runOnlyForDeploymentPostprocessing = 0;
		};
/* End PBXFrameworksBuildPhase section */

/* Begin PBXGroup section */
		50CF72A322FE190300C450A7 = {
			isa = PBXGroup;
			children = (
				50CF72AE22FE190400C450A7 /* AppOpenExample */,
				50CF72AD22FE190400C450A7 /* Products */,
				EEC2A82DEF99A19EEBB0CBF2 /* Pods */,
			);
			sourceTree = "<group>";
		};
		50CF72AD22FE190400C450A7 /* Products */ = {
			isa = PBXGroup;
			children = (
				50CF72AC22FE190400C450A7 /* AppOpenExample.app */,
			);
			name = Products;
			sourceTree = "<group>";
		};
		50CF72AE22FE190400C450A7 /* AppOpenExample */ = {
			isa = PBXGroup;
			children = (
				50CF72AF22FE190400C450A7 /* AppDelegate.h */,
				50CF72B022FE190400C450A7 /* AppDelegate.m */,
				2BA7163726F122C600D9382D /* AppOpenAdManager.h */,
				2BA7163526F122A500D9382D /* AppOpenAdManager.m */,
				A89F3F2D2A8AAD1400ADB803 /* GoogleMobileAdsConsentManager.h */,
				A89F3F2E2A8AAD1400ADB803 /* GoogleMobileAdsConsentManager.m */,
				2BA7163026F0732900D9382D /* SplashViewController.h */,
				2BA7163226F073B700D9382D /* SplashViewController.m */,
				2B169D6826F1F41E00AB7B77 /* MainViewController.h */,
				2B169D6726F1F41E00AB7B77 /* MainViewController.m */,
				50CF72B522FE190400C450A7 /* Main.storyboard */,
				50CF72B822FE190500C450A7 /* Assets.xcassets */,
				50CF72BA22FE190600C450A7 /* LaunchScreen.storyboard */,
				50CF72BD22FE190600C450A7 /* Info.plist */,
				50CF72BE22FE190600C450A7 /* main.m */,
			);
			path = AppOpenExample;
			sourceTree = "<group>";
		};
		EEC2A82DEF99A19EEBB0CBF2 /* Pods */ = {
			isa = PBXGroup;
			children = (
			);
			path = Pods;
			sourceTree = "<group>";
		};
/* End PBXGroup section */

/* Begin PBXNativeTarget section */
		50CF72AB22FE190400C450A7 /* AppOpenExample */ = {
			isa = PBXNativeTarget;
			buildConfigurationList = 50CF72C222FE190600C450A7 /* Build configuration list for PBXNativeTarget "AppOpenExample" */;
			buildPhases = (
				50CF72A822FE190400C450A7 /* Sources */,
				50CF72A922FE190400C450A7 /* Frameworks */,
				50CF72AA22FE190400C450A7 /* Resources */,
			);
			buildRules = (
			);
			dependencies = (
			);
			name = AppOpenExample;
			productName = AppOpenExample;
			productReference = 50CF72AC22FE190400C450A7 /* AppOpenExample.app */;
			productType = "com.apple.product-type.application";
		};
/* End PBXNativeTarget section */

/* Begin PBXProject section */
		50CF72A422FE190300C450A7 /* Project object */ = {
			isa = PBXProject;
			attributes = {
				LastUpgradeCheck = 1020;
				ORGANIZATIONNAME = Google;
				TargetAttributes = {
					50CF72AB22FE190400C450A7 = {
						CreatedOnToolsVersion = 10.2;
					};
				};
			};
			buildConfigurationList = 50CF72A722FE190300C450A7 /* Build configuration list for PBXProject "AppOpenExample" */;
			compatibilityVersion = "Xcode 9.3";
			developmentRegion = en;
			hasScannedForEncodings = 0;
			knownRegions = (
				en,
				Base,
			);
			mainGroup = 50CF72A322FE190300C450A7;
			productRefGroup = 50CF72AD22FE190400C450A7 /* Products */;
			projectDirPath = "";
			projectRoot = "";
			targets = (
				50CF72AB22FE190400C450A7 /* AppOpenExample */,
			);
		};
/* End PBXProject section */

/* Begin PBXResourcesBuildPhase section */
		50CF72AA22FE190400C450A7 /* Resources */ = {
			isa = PBXResourcesBuildPhase;
			buildActionMask = 2147483647;
			files = (
				50CF72BC22FE190600C450A7 /* LaunchScreen.storyboard in Resources */,
				50CF72B922FE190500C450A7 /* Assets.xcassets in Resources */,
				50CF72B722FE190400C450A7 /* Main.storyboard in Resources */,
			);
			runOnlyForDeploymentPostprocessing = 0;
		};
/* End PBXResourcesBuildPhase section */

/* Begin PBXSourcesBuildPhase section */
		50CF72A822FE190400C450A7 /* Sources */ = {
			isa = PBXSourcesBuildPhase;
			buildActionMask = 2147483647;
			files = (
				50CF72BF22FE190600C450A7 /* main.m in Sources */,
				2BA7163626F122A500D9382D /* AppOpenAdManager.m in Sources */,
				A89F3F2F2A8AAD1400ADB803 /* GoogleMobileAdsConsentManager.m in Sources */,
				50CF72B122FE190400C450A7 /* AppDelegate.m in Sources */,
				2B169D6926F1F41E00AB7B77 /* MainViewController.m in Sources */,
				2BA7163326F073B700D9382D /* SplashViewController.m in Sources */,
			);
			runOnlyForDeploymentPostprocessing = 0;
		};
/* End PBXSourcesBuildPhase section */

/* Begin PBXVariantGroup section */
		50CF72B522FE190400C450A7 /* Main.storyboard */ = {
			isa = PBXVariantGroup;
			children = (
				50CF72B622FE190400C450A7 /* Base */,
			);
			name = Main.storyboard;
			sourceTree = "<group>";
		};
		50CF72BA22FE190600C450A7 /* LaunchScreen.storyboard */ = {
			isa = PBXVariantGroup;
			children = (
				50CF72BB22FE190600C450A7 /* Base */,
			);
			name = LaunchScreen.storyboard;
			sourceTree = "<group>";
		};
/* End PBXVariantGroup section */

/* Begin XCBuildConfiguration section */
		50CF72C022FE190600C450A7 /* Debug */ = {
			isa = XCBuildConfiguration;
			buildSettings = {
				ALWAYS_SEARCH_USER_PATHS = NO;
				CLANG_ANALYZER_NONNULL = YES;
				CLANG_ANALYZER_NUMBER_OBJECT_CONVERSION = YES_AGGRESSIVE;
				CLANG_CXX_LANGUAGE_STANDARD = "gnu++14";
				CLANG_CXX_LIBRARY = "libc++";
				CLANG_ENABLE_MODULES = YES;
				CLANG_ENABLE_OBJC_ARC = YES;
				CLANG_ENABLE_OBJC_WEAK = YES;
				CLANG_WARN_BLOCK_CAPTURE_AUTORELEASING = YES;
				CLANG_WARN_BOOL_CONVERSION = YES;
				CLANG_WARN_COMMA = YES;
				CLANG_WARN_CONSTANT_CONVERSION = YES;
				CLANG_WARN_DEPRECATED_OBJC_IMPLEMENTATIONS = YES;
				CLANG_WARN_DIRECT_OBJC_ISA_USAGE = YES_ERROR;
				CLANG_WARN_DOCUMENTATION_COMMENTS = YES;
				CLANG_WARN_EMPTY_BODY = YES;
				CLANG_WARN_ENUM_CONVERSION = YES;
				CLANG_WARN_INFINITE_RECURSION = YES;
				CLANG_WARN_INT_CONVERSION = YES;
				CLANG_WARN_NON_LITERAL_NULL_CONVERSION = YES;
				CLANG_WARN_OBJC_IMPLICIT_RETAIN_SELF = YES;
				CLANG_WARN_OBJC_LITERAL_CONVERSION = YES;
				CLANG_WARN_OBJC_ROOT_CLASS = YES_ERROR;
				CLANG_WARN_RANGE_LOOP_ANALYSIS = YES;
				CLANG_WARN_STRICT_PROTOTYPES = YES;
				CLANG_WARN_SUSPICIOUS_MOVE = YES;
				CLANG_WARN_UNGUARDED_AVAILABILITY = YES_AGGRESSIVE;
				CLANG_WARN_UNREACHABLE_CODE = YES;
				CLANG_WARN__DUPLICATE_METHOD_MATCH = YES;
				CODE_SIGN_IDENTITY = "iPhone Developer";
				COPY_PHASE_STRIP = NO;
				DEBUG_INFORMATION_FORMAT = dwarf;
				ENABLE_STRICT_OBJC_MSGSEND = YES;
				ENABLE_TESTABILITY = YES;
				GCC_C_LANGUAGE_STANDARD = gnu11;
				GCC_DYNAMIC_NO_PIC = NO;
				GCC_NO_COMMON_BLOCKS = YES;
				GCC_OPTIMIZATION_LEVEL = 0;
				GCC_PREPROCESSOR_DEFINITIONS = (
					"DEBUG=1",
					"$(inherited)",
				);
				GCC_WARN_64_TO_32_BIT_CONVERSION = YES;
				GCC_WARN_ABOUT_RETURN_TYPE = YES_ERROR;
				GCC_WARN_UNDECLARED_SELECTOR = YES;
				GCC_WARN_UNINITIALIZED_AUTOS = YES_AGGRESSIVE;
				GCC_WARN_UNUSED_FUNCTION = YES;
				GCC_WARN_UNUSED_VARIABLE = YES;
				IPHONEOS_DEPLOYMENT_TARGET = 12.2;
				MTL_ENABLE_DEBUG_INFO = INCLUDE_SOURCE;
				MTL_FAST_MATH = YES;
				ONLY_ACTIVE_ARCH = YES;
				SDKROOT = iphoneos;
			};
			name = Debug;
		};
		50CF72C122FE190600C450A7 /* Release */ = {
			isa = XCBuildConfiguration;
			buildSettings = {
				ALWAYS_SEARCH_USER_PATHS = NO;
				CLANG_ANALYZER_NONNULL = YES;
				CLANG_ANALYZER_NUMBER_OBJECT_CONVERSION = YES_AGGRESSIVE;
				CLANG_CXX_LANGUAGE_STANDARD = "gnu++14";
				CLANG_CXX_LIBRARY = "libc++";
				CLANG_ENABLE_MODULES = YES;
				CLANG_ENABLE_OBJC_ARC = YES;
				CLANG_ENABLE_OBJC_WEAK = YES;
				CLANG_WARN_BLOCK_CAPTURE_AUTORELEASING = YES;
				CLANG_WARN_BOOL_CONVERSION = YES;
				CLANG_WARN_COMMA = YES;
				CLANG_WARN_CONSTANT_CONVERSION = YES;
				CLANG_WARN_DEPRECATED_OBJC_IMPLEMENTATIONS = YES;
				CLANG_WARN_DIRECT_OBJC_ISA_USAGE = YES_ERROR;
				CLANG_WARN_DOCUMENTATION_COMMENTS = YES;
				CLANG_WARN_EMPTY_BODY = YES;
				CLANG_WARN_ENUM_CONVERSION = YES;
				CLANG_WARN_INFINITE_RECURSION = YES;
				CLANG_WARN_INT_CONVERSION = YES;
				CLANG_WARN_NON_LITERAL_NULL_CONVERSION = YES;
				CLANG_WARN_OBJC_IMPLICIT_RETAIN_SELF = YES;
				CLANG_WARN_OBJC_LITERAL_CONVERSION = YES;
				CLANG_WARN_OBJC_ROOT_CLASS = YES_ERROR;
				CLANG_WARN_RANGE_LOOP_ANALYSIS = YES;
				CLANG_WARN_STRICT_PROTOTYPES = YES;
				CLANG_WARN_SUSPICIOUS_MOVE = YES;
				CLANG_WARN_UNGUARDED_AVAILABILITY = YES_AGGRESSIVE;
				CLANG_WARN_UNREACHABLE_CODE = YES;
				CLANG_WARN__DUPLICATE_METHOD_MATCH = YES;
				CODE_SIGN_IDENTITY = "iPhone Developer";
				COPY_PHASE_STRIP = NO;
				DEBUG_INFORMATION_FORMAT = "dwarf-with-dsym";
				ENABLE_NS_ASSERTIONS = NO;
				ENABLE_STRICT_OBJC_MSGSEND = YES;
				GCC_C_LANGUAGE_STANDARD = gnu11;
				GCC_NO_COMMON_BLOCKS = YES;
				GCC_WARN_64_TO_32_BIT_CONVERSION = YES;
				GCC_WARN_ABOUT_RETURN_TYPE = YES_ERROR;
				GCC_WARN_UNDECLARED_SELECTOR = YES;
				GCC_WARN_UNINITIALIZED_AUTOS = YES_AGGRESSIVE;
				GCC_WARN_UNUSED_FUNCTION = YES;
				GCC_WARN_UNUSED_VARIABLE = YES;
				IPHONEOS_DEPLOYMENT_TARGET = 12.2;
				MTL_ENABLE_DEBUG_INFO = NO;
				MTL_FAST_MATH = YES;
				SDKROOT = iphoneos;
				VALIDATE_PRODUCT = YES;
			};
			name = Release;
		};
		50CF72C322FE190600C450A7 /* Debug */ = {
			isa = XCBuildConfiguration;
			buildSettings = {
				ASSETCATALOG_COMPILER_APPICON_NAME = AppIcon;
				CODE_SIGN_STYLE = Automatic;
				INFOPLIST_FILE = AppOpenExample/Info.plist;
				IPHONEOS_DEPLOYMENT_TARGET = 11.0;
				LD_RUNPATH_SEARCH_PATHS = (
					"$(inherited)",
					"@executable_path/Frameworks",
				);
				PRODUCT_BUNDLE_IDENTIFIER = com.google.ads.AppOpenExample;
				PRODUCT_NAME = "$(TARGET_NAME)";
				TARGETED_DEVICE_FAMILY = "1,2";
			};
			name = Debug;
		};
		50CF72C422FE190600C450A7 /* Release */ = {
			isa = XCBuildConfiguration;
			buildSettings = {
				ASSETCATALOG_COMPILER_APPICON_NAME = AppIcon;
				CODE_SIGN_STYLE = Automatic;
				INFOPLIST_FILE = AppOpenExample/Info.plist;
				IPHONEOS_DEPLOYMENT_TARGET = 11.0;
				LD_RUNPATH_SEARCH_PATHS = (
					"$(inherited)",
					"@executable_path/Frameworks",
				);
				PRODUCT_BUNDLE_IDENTIFIER = com.google.ads.AppOpenExample;
				PRODUCT_NAME = "$(TARGET_NAME)";
				TARGETED_DEVICE_FAMILY = "1,2";
			};
			name = Release;
		};
/* End XCBuildConfiguration section */

/* Begin XCConfigurationList section */
		50CF72A722FE190300C450A7 /* Build configuration list for PBXProject "AppOpenExample" */ = {
			isa = XCConfigurationList;
			buildConfigurations = (
				50CF72C022FE190600C450A7 /* Debug */,
				50CF72C122FE190600C450A7 /* Release */,
			);
			defaultConfigurationIsVisible = 0;
			defaultConfigurationName = Release;
		};
		50CF72C222FE190600C450A7 /* Build configuration list for PBXNativeTarget "AppOpenExample" */ = {
			isa = XCConfigurationList;
			buildConfigurations = (
				50CF72C322FE190600C450A7 /* Debug */,
				50CF72C422FE190600C450A7 /* Release */,
			);
			defaultConfigurationIsVisible = 0;
			defaultConfigurationName = Release;
		};
/* End XCConfigurationList section */
	};
	rootObject = 50CF72A422FE190300C450A7 /* Project object */;
}
