// !$*UTF8*$!
{
	archiveVersion = 1;
	classes = {
	};
	objectVersion = 46;
	objects = {

/* Begin PBXBuildFile section */
		CF72789B1766771400CB4D73 /* libGoogleAdMobAds.a in Frameworks */ = {isa = PBXBuildFile; fileRef = CF72789A1766771400CB4D73 /* libGoogleAdMobAds.a */; };
		CF7278A41766776D00CB4D73 /* AdSupport.framework in Frameworks */ = {isa = PBXBuildFile; fileRef = CF7278A31766776D00CB4D73 /* AdSupport.framework */; };
		CF7278A61766777300CB4D73 /* StoreKit.framework in Frameworks */ = {isa = PBXBuildFile; fileRef = CF7278A51766777300CB4D73 /* StoreKit.framework */; };
		CF7278A81766778300CB4D73 /* SystemConfiguration.framework in Frameworks */ = {isa = PBXBuildFile; fileRef = CF7278A71766778300CB4D73 /* SystemConfiguration.framework */; };
		CF7278AA1766778800CB4D73 /* MessageUI.framework in Frameworks */ = {isa = PBXBuildFile; fileRef = CF7278A91766778800CB4D73 /* MessageUI.framework */; };
		CF7278AC1766778F00CB4D73 /* AudioToolbox.framework in Frameworks */ = {isa = PBXBuildFile; fileRef = CF7278AB1766778F00CB4D73 /* AudioToolbox.framework */; };
		CF8339EF175FB10300B41105 /* UIKit.framework in Frameworks */ = {isa = PBXBuildFile; fileRef = CF8339EE175FB10300B41105 /* UIKit.framework */; };
		CF8339F1175FB10300B41105 /* Foundation.framework in Frameworks */ = {isa = PBXBuildFile; fileRef = CF8339F0175FB10300B41105 /* Foundation.framework */; };
		CF8339F3175FB10300B41105 /* CoreGraphics.framework in Frameworks */ = {isa = PBXBuildFile; fileRef = CF8339F2175FB10300B41105 /* CoreGraphics.framework */; };
		CF8339F9175FB10400B41105 /* InfoPlist.strings in Resources */ = {isa = PBXBuildFile; fileRef = CF8339F7175FB10400B41105 /* InfoPlist.strings */; };
		CF8339FB175FB10400B41105 /* main.m in Sources */ = {isa = PBXBuildFile; fileRef = CF8339FA175FB10400B41105 /* main.m */; };
		CF8339FF175FB10500B41105 /* DFPManualImpressionsExampleAppDelegate.m in Sources */ = {isa = PBXBuildFile; fileRef = CF8339FE175FB10500B41105 /* DFPManualImpressionsExampleAppDelegate.m */; };
		CF833A01175FB10600B41105 /* Default.png in Resources */ = {isa = PBXBuildFile; fileRef = CF833A00175FB10600B41105 /* Default.png */; };
		CF833A03175FB10600B41105 /* Default@2x.png in Resources */ = {isa = PBXBuildFile; fileRef = CF833A02175FB10600B41105 /* Default@2x.png */; };
		CF833A05175FB10600B41105 /* Default-568h@2x.png in Resources */ = {isa = PBXBuildFile; fileRef = CF833A04175FB10600B41105 /* Default-568h@2x.png */; };
		CF833A08175FB10600B41105 /* DFPManualImpressionsExampleViewController.m in Sources */ = {isa = PBXBuildFile; fileRef = CF833A07175FB10600B41105 /* DFPManualImpressionsExampleViewController.m */; };
/* End PBXBuildFile section */

/* Begin PBXFileReference section */
		CF7278911766771400CB4D73 /* GADAdMobExtras.h */ = {isa = PBXFileReference; fileEncoding = 4; lastKnownFileType = sourcecode.c.h; path = GADAdMobExtras.h; sourceTree = "<group>"; };
		CF7278921766771400CB4D73 /* GADAdNetworkExtras.h */ = {isa = PBXFileReference; fileEncoding = 4; lastKnownFileType = sourcecode.c.h; path = GADAdNetworkExtras.h; sourceTree = "<group>"; };
		CF7278931766771400CB4D73 /* GADAdSize.h */ = {isa = PBXFileReference; fileEncoding = 4; lastKnownFileType = sourcecode.c.h; path = GADAdSize.h; sourceTree = "<group>"; };
		CF7278941766771400CB4D73 /* GADBannerView.h */ = {isa = PBXFileReference; fileEncoding = 4; lastKnownFileType = sourcecode.c.h; path = GADBannerView.h; sourceTree = "<group>"; };
		CF7278951766771400CB4D73 /* GADBannerViewDelegate.h */ = {isa = PBXFileReference; fileEncoding = 4; lastKnownFileType = sourcecode.c.h; path = GADBannerViewDelegate.h; sourceTree = "<group>"; };
		CF7278961766771400CB4D73 /* GADInterstitial.h */ = {isa = PBXFileReference; fileEncoding = 4; lastKnownFileType = sourcecode.c.h; path = GADInterstitial.h; sourceTree = "<group>"; };
		CF7278971766771400CB4D73 /* GADInterstitialDelegate.h */ = {isa = PBXFileReference; fileEncoding = 4; lastKnownFileType = sourcecode.c.h; path = GADInterstitialDelegate.h; sourceTree = "<group>"; };
		CF7278981766771400CB4D73 /* GADRequest.h */ = {isa = PBXFileReference; fileEncoding = 4; lastKnownFileType = sourcecode.c.h; path = GADRequest.h; sourceTree = "<group>"; };
		CF7278991766771400CB4D73 /* GADRequestError.h */ = {isa = PBXFileReference; fileEncoding = 4; lastKnownFileType = sourcecode.c.h; path = GADRequestError.h; sourceTree = "<group>"; };
		CF72789A1766771400CB4D73 /* libGoogleAdMobAds.a */ = {isa = PBXFileReference; lastKnownFileType = archive.ar; path = libGoogleAdMobAds.a; sourceTree = "<group>"; };
		CF72789C1766773500CB4D73 /* DFPBannerView.h */ = {isa = PBXFileReference; fileEncoding = 4; lastKnownFileType = sourcecode.c.h; path = DFPBannerView.h; sourceTree = "<group>"; };
		CF72789D1766773500CB4D73 /* DFPExtras.h */ = {isa = PBXFileReference; fileEncoding = 4; lastKnownFileType = sourcecode.c.h; path = DFPExtras.h; sourceTree = "<group>"; };
		CF72789E1766773500CB4D73 /* DFPInterstitial.h */ = {isa = PBXFileReference; fileEncoding = 4; lastKnownFileType = sourcecode.c.h; path = DFPInterstitial.h; sourceTree = "<group>"; };
		CF72789F1766773500CB4D73 /* DFPSwipeableBannerView.h */ = {isa = PBXFileReference; fileEncoding = 4; lastKnownFileType = sourcecode.c.h; path = DFPSwipeableBannerView.h; sourceTree = "<group>"; };
		CF7278A01766773500CB4D73 /* GADAdSizeDelegate.h */ = {isa = PBXFileReference; fileEncoding = 4; lastKnownFileType = sourcecode.c.h; path = GADAdSizeDelegate.h; sourceTree = "<group>"; };
		CF7278A11766773500CB4D73 /* GADAppEventDelegate.h */ = {isa = PBXFileReference; fileEncoding = 4; lastKnownFileType = sourcecode.c.h; path = GADAppEventDelegate.h; sourceTree = "<group>"; };
		CF7278A21766773500CB4D73 /* GADSwipeableBannerViewDelegate.h */ = {isa = PBXFileReference; fileEncoding = 4; lastKnownFileType = sourcecode.c.h; path = GADSwipeableBannerViewDelegate.h; sourceTree = "<group>"; };
		CF7278A31766776D00CB4D73 /* AdSupport.framework */ = {isa = PBXFileReference; lastKnownFileType = wrapper.framework; name = AdSupport.framework; path = System/Library/Frameworks/AdSupport.framework; sourceTree = SDKROOT; };
		CF7278A51766777300CB4D73 /* StoreKit.framework */ = {isa = PBXFileReference; lastKnownFileType = wrapper.framework; name = StoreKit.framework; path = System/Library/Frameworks/StoreKit.framework; sourceTree = SDKROOT; };
		CF7278A71766778300CB4D73 /* SystemConfiguration.framework */ = {isa = PBXFileReference; lastKnownFileType = wrapper.framework; name = SystemConfiguration.framework; path = System/Library/Frameworks/SystemConfiguration.framework; sourceTree = SDKROOT; };
		CF7278A91766778800CB4D73 /* MessageUI.framework */ = {isa = PBXFileReference; lastKnownFileType = wrapper.framework; name = MessageUI.framework; path = System/Library/Frameworks/MessageUI.framework; sourceTree = SDKROOT; };
		CF7278AB1766778F00CB4D73 /* AudioToolbox.framework */ = {isa = PBXFileReference; lastKnownFileType = wrapper.framework; name = AudioToolbox.framework; path = System/Library/Frameworks/AudioToolbox.framework; sourceTree = SDKROOT; };
		CF8339EA175FB10300B41105 /* DFPManualImpressionsExample.app */ = {isa = PBXFileReference; explicitFileType = wrapper.application; includeInIndex = 0; path = DFPManualImpressionsExample.app; sourceTree = BUILT_PRODUCTS_DIR; };
		CF8339EE175FB10300B41105 /* UIKit.framework */ = {isa = PBXFileReference; lastKnownFileType = wrapper.framework; name = UIKit.framework; path = System/Library/Frameworks/UIKit.framework; sourceTree = SDKROOT; };
		CF8339F0175FB10300B41105 /* Foundation.framework */ = {isa = PBXFileReference; lastKnownFileType = wrapper.framework; name = Foundation.framework; path = System/Library/Frameworks/Foundation.framework; sourceTree = SDKROOT; };
		CF8339F2175FB10300B41105 /* CoreGraphics.framework */ = {isa = PBXFileReference; lastKnownFileType = wrapper.framework; name = CoreGraphics.framework; path = System/Library/Frameworks/CoreGraphics.framework; sourceTree = SDKROOT; };
		CF8339F6175FB10400B41105 /* DFPManualImpressionsExample-Info.plist */ = {isa = PBXFileReference; lastKnownFileType = text.plist.xml; path = "DFPManualImpressionsExample-Info.plist"; sourceTree = "<group>"; };
		CF8339F8175FB10400B41105 /* en */ = {isa = PBXFileReference; lastKnownFileType = text.plist.strings; name = en; path = en.lproj/InfoPlist.strings; sourceTree = "<group>"; };
		CF8339FA175FB10400B41105 /* main.m */ = {isa = PBXFileReference; lastKnownFileType = sourcecode.c.objc; path = main.m; sourceTree = "<group>"; };
		CF8339FC175FB10500B41105 /* DFPManualImpressionsExample-Prefix.pch */ = {isa = PBXFileReference; lastKnownFileType = sourcecode.c.h; path = "DFPManualImpressionsExample-Prefix.pch"; sourceTree = "<group>"; };
		CF8339FD175FB10500B41105 /* DFPManualImpressionsExampleAppDelegate.h */ = {isa = PBXFileReference; lastKnownFileType = sourcecode.c.h; path = DFPManualImpressionsExampleAppDelegate.h; sourceTree = "<group>"; };
		CF8339FE175FB10500B41105 /* DFPManualImpressionsExampleAppDelegate.m */ = {isa = PBXFileReference; lastKnownFileType = sourcecode.c.objc; path = DFPManualImpressionsExampleAppDelegate.m; sourceTree = "<group>"; };
		CF833A00175FB10600B41105 /* Default.png */ = {isa = PBXFileReference; lastKnownFileType = image.png; path = Default.png; sourceTree = "<group>"; };
		CF833A02175FB10600B41105 /* Default@2x.png */ = {isa = PBXFileReference; lastKnownFileType = image.png; path = "Default@2x.png"; sourceTree = "<group>"; };
		CF833A04175FB10600B41105 /* Default-568h@2x.png */ = {isa = PBXFileReference; lastKnownFileType = image.png; path = "Default-568h@2x.png"; sourceTree = "<group>"; };
		CF833A06175FB10600B41105 /* DFPManualImpressionsExampleViewController.h */ = {isa = PBXFileReference; lastKnownFileType = sourcecode.c.h; path = DFPManualImpressionsExampleViewController.h; sourceTree = "<group>"; };
		CF833A07175FB10600B41105 /* DFPManualImpressionsExampleViewController.m */ = {isa = PBXFileReference; lastKnownFileType = sourcecode.c.objc; path = DFPManualImpressionsExampleViewController.m; sourceTree = "<group>"; };
/* End PBXFileReference section */

/* Begin PBXFrameworksBuildPhase section */
		CF8339E7175FB10300B41105 /* Frameworks */ = {
			isa = PBXFrameworksBuildPhase;
			buildActionMask = 2147483647;
			files = (
				CF7278AC1766778F00CB4D73 /* AudioToolbox.framework in Frameworks */,
				CF7278AA1766778800CB4D73 /* MessageUI.framework in Frameworks */,
				CF7278A81766778300CB4D73 /* SystemConfiguration.framework in Frameworks */,
				CF7278A61766777300CB4D73 /* StoreKit.framework in Frameworks */,
				CF7278A41766776D00CB4D73 /* AdSupport.framework in Frameworks */,
				CF8339EF175FB10300B41105 /* UIKit.framework in Frameworks */,
				CF8339F1175FB10300B41105 /* Foundation.framework in Frameworks */,
				CF8339F3175FB10300B41105 /* CoreGraphics.framework in Frameworks */,
				CF72789B1766771400CB4D73 /* libGoogleAdMobAds.a in Frameworks */,
			);
			runOnlyForDeploymentPostprocessing = 0;
		};
/* End PBXFrameworksBuildPhase section */

/* Begin PBXGroup section */
		CF72788F1766768300CB4D73 /* Google AdMob Ads SDK */ = {
			isa = PBXGroup;
			children = (
				CF72789C1766773500CB4D73 /* DFPBannerView.h */,
				CF72789D1766773500CB4D73 /* DFPExtras.h */,
				CF72789E1766773500CB4D73 /* DFPInterstitial.h */,
				CF72789F1766773500CB4D73 /* DFPSwipeableBannerView.h */,
				CF7278A01766773500CB4D73 /* GADAdSizeDelegate.h */,
				CF7278A11766773500CB4D73 /* GADAppEventDelegate.h */,
				CF7278A21766773500CB4D73 /* GADSwipeableBannerViewDelegate.h */,
				CF7278911766771400CB4D73 /* GADAdMobExtras.h */,
				CF7278921766771400CB4D73 /* GADAdNetworkExtras.h */,
				CF7278931766771400CB4D73 /* GADAdSize.h */,
				CF7278941766771400CB4D73 /* GADBannerView.h */,
				CF7278951766771400CB4D73 /* GADBannerViewDelegate.h */,
				CF7278961766771400CB4D73 /* GADInterstitial.h */,
				CF7278971766771400CB4D73 /* GADInterstitialDelegate.h */,
				CF7278981766771400CB4D73 /* GADRequest.h */,
				CF7278991766771400CB4D73 /* GADRequestError.h */,
				CF72789A1766771400CB4D73 /* libGoogleAdMobAds.a */,
			);
			name = "Google AdMob Ads SDK";
			sourceTree = "<group>";
		};
		CF8339DF175FB10300B41105 = {
			isa = PBXGroup;
			children = (
				CF8339F4175FB10300B41105 /* DFPManualImpressionsExample */,
				CF72788F1766768300CB4D73 /* Google AdMob Ads SDK */,
				CF8339ED175FB10300B41105 /* Frameworks */,
				CF8339EB175FB10300B41105 /* Products */,
			);
			sourceTree = "<group>";
		};
		CF8339EB175FB10300B41105 /* Products */ = {
			isa = PBXGroup;
			children = (
				CF8339EA175FB10300B41105 /* DFPManualImpressionsExample.app */,
			);
			name = Products;
			sourceTree = "<group>";
		};
		CF8339ED175FB10300B41105 /* Frameworks */ = {
			isa = PBXGroup;
			children = (
				CF7278A91766778800CB4D73 /* MessageUI.framework */,
				CF7278A71766778300CB4D73 /* SystemConfiguration.framework */,
				CF7278A51766777300CB4D73 /* StoreKit.framework */,
				CF7278A31766776D00CB4D73 /* AdSupport.framework */,
				CF7278AB1766778F00CB4D73 /* AudioToolbox.framework */,
				CF8339EE175FB10300B41105 /* UIKit.framework */,
				CF8339F0175FB10300B41105 /* Foundation.framework */,
				CF8339F2175FB10300B41105 /* CoreGraphics.framework */,
			);
			name = Frameworks;
			sourceTree = "<group>";
		};
		CF8339F4175FB10300B41105 /* DFPManualImpressionsExample */ = {
			isa = PBXGroup;
			children = (
				CF8339FD175FB10500B41105 /* DFPManualImpressionsExampleAppDelegate.h */,
				CF8339FE175FB10500B41105 /* DFPManualImpressionsExampleAppDelegate.m */,
				CF833A06175FB10600B41105 /* DFPManualImpressionsExampleViewController.h */,
				CF833A07175FB10600B41105 /* DFPManualImpressionsExampleViewController.m */,
				CF8339F5175FB10400B41105 /* Supporting Files */,
			);
			path = DFPManualImpressionsExample;
			sourceTree = "<group>";
		};
		CF8339F5175FB10400B41105 /* Supporting Files */ = {
			isa = PBXGroup;
			children = (
				CF8339F6175FB10400B41105 /* DFPManualImpressionsExample-Info.plist */,
				CF8339F7175FB10400B41105 /* InfoPlist.strings */,
				CF8339FA175FB10400B41105 /* main.m */,
				CF8339FC175FB10500B41105 /* DFPManualImpressionsExample-Prefix.pch */,
				CF833A00175FB10600B41105 /* Default.png */,
				CF833A02175FB10600B41105 /* Default@2x.png */,
				CF833A04175FB10600B41105 /* Default-568h@2x.png */,
			);
			name = "Supporting Files";
			sourceTree = "<group>";
		};
/* End PBXGroup section */

/* Begin PBXNativeTarget section */
		CF8339E9175FB10300B41105 /* DFPManualImpressionsExample */ = {
			isa = PBXNativeTarget;
			buildConfigurationList = CF833A0E175FB10600B41105 /* Build configuration list for PBXNativeTarget "DFPManualImpressionsExample" */;
			buildPhases = (
				CF8339E6175FB10300B41105 /* Sources */,
				CF8339E7175FB10300B41105 /* Frameworks */,
				CF8339E8175FB10300B41105 /* Resources */,
			);
			buildRules = (
			);
			dependencies = (
			);
			name = DFPManualImpressionsExample;
			productName = DFPManualImpressionsExample;
			productReference = CF8339EA175FB10300B41105 /* DFPManualImpressionsExample.app */;
			productType = "com.apple.product-type.application";
		};
/* End PBXNativeTarget section */

/* Begin PBXProject section */
		CF8339E1175FB10300B41105 /* Project object */ = {
			isa = PBXProject;
			attributes = {
				CLASSPREFIX = DFPManualImpressionsExample;
				LastUpgradeCheck = 0450;
				ORGANIZATIONNAME = Google;
			};
			buildConfigurationList = CF8339E4175FB10300B41105 /* Build configuration list for PBXProject "DFPManualImpressionsExample" */;
			compatibilityVersion = "Xcode 3.2";
			developmentRegion = English;
			hasScannedForEncodings = 0;
			knownRegions = (
				en,
			);
			mainGroup = CF8339DF175FB10300B41105;
			productRefGroup = CF8339EB175FB10300B41105 /* Products */;
			projectDirPath = "";
			projectRoot = "";
			targets = (
				CF8339E9175FB10300B41105 /* DFPManualImpressionsExample */,
			);
		};
/* End PBXProject section */

/* Begin PBXResourcesBuildPhase section */
		CF8339E8175FB10300B41105 /* Resources */ = {
			isa = PBXResourcesBuildPhase;
			buildActionMask = 2147483647;
			files = (
				CF8339F9175FB10400B41105 /* InfoPlist.strings in Resources */,
				CF833A01175FB10600B41105 /* Default.png in Resources */,
				CF833A03175FB10600B41105 /* Default@2x.png in Resources */,
				CF833A05175FB10600B41105 /* Default-568h@2x.png in Resources */,
			);
			runOnlyForDeploymentPostprocessing = 0;
		};
/* End PBXResourcesBuildPhase section */

/* Begin PBXSourcesBuildPhase section */
		CF8339E6175FB10300B41105 /* Sources */ = {
			isa = PBXSourcesBuildPhase;
			buildActionMask = 2147483647;
			files = (
				CF8339FB175FB10400B41105 /* main.m in Sources */,
				CF8339FF175FB10500B41105 /* DFPManualImpressionsExampleAppDelegate.m in Sources */,
				CF833A08175FB10600B41105 /* DFPManualImpressionsExampleViewController.m in Sources */,
			);
			runOnlyForDeploymentPostprocessing = 0;
		};
/* End PBXSourcesBuildPhase section */

/* Begin PBXVariantGroup section */
		CF8339F7175FB10400B41105 /* InfoPlist.strings */ = {
			isa = PBXVariantGroup;
			children = (
				CF8339F8175FB10400B41105 /* en */,
			);
			name = InfoPlist.strings;
			sourceTree = "<group>";
		};
/* End PBXVariantGroup section */

/* Begin XCBuildConfiguration section */
		CF833A0C175FB10600B41105 /* Debug */ = {
			isa = XCBuildConfiguration;
			buildSettings = {
				ALWAYS_SEARCH_USER_PATHS = NO;
				CLANG_CXX_LANGUAGE_STANDARD = "gnu++0x";
				CLANG_CXX_LIBRARY = "libc++";
				CLANG_WARN_EMPTY_BODY = YES;
				CLANG_WARN__DUPLICATE_METHOD_MATCH = YES;
				"CODE_SIGN_IDENTITY[sdk=iphoneos*]" = "iPhone Developer";
				COPY_PHASE_STRIP = NO;
				GCC_C_LANGUAGE_STANDARD = gnu99;
				GCC_DYNAMIC_NO_PIC = NO;
				GCC_OPTIMIZATION_LEVEL = 0;
				GCC_PREPROCESSOR_DEFINITIONS = (
					"DEBUG=1",
					"$(inherited)",
				);
				GCC_SYMBOLS_PRIVATE_EXTERN = NO;
				GCC_WARN_ABOUT_RETURN_TYPE = YES;
				GCC_WARN_UNINITIALIZED_AUTOS = YES;
				GCC_WARN_UNUSED_VARIABLE = YES;
				IPHONEOS_DEPLOYMENT_TARGET = 6.0;
				SDKROOT = iphoneos;
			};
			name = Debug;
		};
		CF833A0D175FB10600B41105 /* Release */ = {
			isa = XCBuildConfiguration;
			buildSettings = {
				ALWAYS_SEARCH_USER_PATHS = NO;
				CLANG_CXX_LANGUAGE_STANDARD = "gnu++0x";
				CLANG_CXX_LIBRARY = "libc++";
				CLANG_WARN_EMPTY_BODY = YES;
				CLANG_WARN__DUPLICATE_METHOD_MATCH = YES;
				"CODE_SIGN_IDENTITY[sdk=iphoneos*]" = "iPhone Developer";
				COPY_PHASE_STRIP = YES;
				GCC_C_LANGUAGE_STANDARD = gnu99;
				GCC_WARN_ABOUT_RETURN_TYPE = YES;
				GCC_WARN_UNINITIALIZED_AUTOS = YES;
				GCC_WARN_UNUSED_VARIABLE = YES;
				IPHONEOS_DEPLOYMENT_TARGET = 6.0;
				OTHER_CFLAGS = "-DNS_BLOCK_ASSERTIONS=1";
				SDKROOT = iphoneos;
				VALIDATE_PRODUCT = YES;
			};
			name = Release;
		};
		CF833A0F175FB10600B41105 /* Debug */ = {
			isa = XCBuildConfiguration;
			buildSettings = {
				CLANG_ENABLE_OBJC_ARC = YES;
				GCC_PRECOMPILE_PREFIX_HEADER = YES;
				GCC_PREFIX_HEADER = "DFPManualImpressionsExample/DFPManualImpressionsExample-Prefix.pch";
				INFOPLIST_FILE = "DFPManualImpressionsExample/DFPManualImpressionsExample-Info.plist";
				IPHONEOS_DEPLOYMENT_TARGET = 5.0;
				LIBRARY_SEARCH_PATHS = (
					"$(inherited)",
					"\"$(SRCROOT)\"",
				);
				OTHER_LDFLAGS = "-ObjC";
				PRODUCT_NAME = "$(TARGET_NAME)";
				WRAPPER_EXTENSION = app;
			};
			name = Debug;
		};
		CF833A10175FB10600B41105 /* Release */ = {
			isa = XCBuildConfiguration;
			buildSettings = {
				CLANG_ENABLE_OBJC_ARC = YES;
				GCC_PRECOMPILE_PREFIX_HEADER = YES;
				GCC_PREFIX_HEADER = "DFPManualImpressionsExample/DFPManualImpressionsExample-Prefix.pch";
				INFOPLIST_FILE = "DFPManualImpressionsExample/DFPManualImpressionsExample-Info.plist";
				IPHONEOS_DEPLOYMENT_TARGET = 5.0;
				LIBRARY_SEARCH_PATHS = (
					"$(inherited)",
					"\"$(SRCROOT)\"",
				);
				OTHER_LDFLAGS = "-ObjC";
				PRODUCT_NAME = "$(TARGET_NAME)";
				WRAPPER_EXTENSION = app;
			};
			name = Release;
		};
/* End XCBuildConfiguration section */

/* Begin XCConfigurationList section */
		CF8339E4175FB10300B41105 /* Build configuration list for PBXProject "DFPManualImpressionsExample" */ = {
			isa = XCConfigurationList;
			buildConfigurations = (
				CF833A0C175FB10600B41105 /* Debug */,
				CF833A0D175FB10600B41105 /* Release */,
			);
			defaultConfigurationIsVisible = 0;
			defaultConfigurationName = Release;
		};
		CF833A0E175FB10600B41105 /* Build configuration list for PBXNativeTarget "DFPManualImpressionsExample" */ = {
			isa = XCConfigurationList;
			buildConfigurations = (
				CF833A0F175FB10600B41105 /* Debug */,
				CF833A10175FB10600B41105 /* Release */,
			);
			defaultConfigurationIsVisible = 0;
			defaultConfigurationName = Release;
		};
/* End XCConfigurationList section */
	};
	rootObject = CF8339E1175FB10300B41105 /* Project object */;
}
