PODS:
  - Firebase/AdMob (3.3.0):
    - Firebase/Analytics (= 3.3.0)
    - Google-Mobile-Ads-SDK (= 7.8.1)
  - Firebase/Analytics (3.3.0):
    - FirebaseAnalytics (= 3.2.1)
  - Firebase/Core (3.3.0):
    - Firebase/Analytics (= 3.3.0)
  - FirebaseAnalytics (3.2.1):
    - FirebaseInstanceID (~> 1.0)
    - GoogleInterchangeUtilities (~> 1.2)
    - GoogleSymbolUtilities (~> 1.1)
    - GoogleUtilities (~> 1.3)
  - FirebaseInstanceID (1.0.7)
  - Google-Mobile-Ads-SDK (7.8.1)
  - GoogleInterchangeUtilities (1.2.1):
    - GoogleSymbolUtilities (~> 1.0)
  - GoogleSymbolUtilities (1.1.1)
  - GoogleUtilities (1.3.1):
    - GoogleSymbolUtilities (~> 1.0)

DEPENDENCIES:
  - Firebase/AdMob
  - Firebase/Core

SPEC CHECKSUMS:
  Firebase: 6250071f0e2440a5c4c67b8cb6b868f868237ac3
  FirebaseAnalytics: 0fd6532cb2c3d03cd5cf26ad295ccb091efd3104
  FirebaseInstanceID: a9d923f3d0b6fbf9fac89310860357aaadc34be5
  Google-Mobile-Ads-SDK: 3c2a6656117989469bfe7645640aa1de024a4c6c
  GoogleInterchangeUtilities: def8415a862effc67d549d5b5b0b9c7a2f97d4de
  GoogleSymbolUtilities: 33117db1b5f290c6fbf259585e4885b4c84b98d7
  GoogleUtilities: 56c5ac05b7aa5dc417a1bb85221a9516e04d7032

PODFILE CHECKSUM: e8d322daf859c9ed2ebe682454f6fdd82d955602

COCOAPODS: 1.0.1
