PODS:
  - Google-Mobile-Ads-SDK (11.9.0):
    - GoogleUserMessagingPlatform (>= 1.1)
  - GoogleUserMessagingPlatform (2.6.0)

DEPENDENCIES:
  - Google-Mobile-Ads-SDK
  - GoogleUserMessagingPlatform

SPEC REPOS:
  trunk:
    - Google-Mobile-Ads-SDK
    - GoogleUserMessagingPlatform

SPEC CHECKSUMS:
  Google-Mobile-Ads-SDK: 6a3cdd892fd87c8b2a388c1cc74d2b7df2570f0b
  GoogleUserMessagingPlatform: 0c3a08353e53ce8c2feab7addd0b652cde522450

PODFILE CHECKSUM: 2f175879f51dd400c37df0b17c77db5adc74544f

COCOAPODS: 1.15.2
