PODS:
  - Google-Mobile-Ads-SDK (11.2.0):
    - GoogleUserMessagingPlatform (>= 1.1)
  - GoogleUserMessagingPlatform (2.3.0)

DEPENDENCIES:
  - Google-Mobile-Ads-SDK
  - GoogleUserMessagingPlatform

SPEC REPOS:
  trunk:
    - Google-Mobile-Ads-SDK
    - GoogleUserMessagingPlatform

SPEC CHECKSUMS:
  Google-Mobile-Ads-SDK: 5a6d005a6cb5b5e8f4c7b69ca05cdea79c181139
  GoogleUserMessagingPlatform: b1ad7bb1ee3ce64749d4fec24f667b36e45c396c

PODFILE CHECKSUM: e9e7b597a08c2a8bd61f9bf568587b1a7a6bcdd6

COCOAPODS: 1.15.2
