PODS:
  - Google-Mobile-Ads-SDK (7.38.0)

DEPENDENCIES:
  - Google-Mobile-Ads-SDK

SPEC REPOS:
  https://github.com/cocoapods/specs.git:
    - Google-Mobile-Ads-SDK

SPEC CHECKSUMS:
  Google-Mobile-Ads-SDK: fec4a72b71a81302d3fd75454df3417c03c50ed5

PODFILE CHECKSUM: 2d16504e9065e6e023e0ef534263fd59f4c5452e

COCOAPODS: 1.5.3
