PODS:
  - Google-Mobile-Ads-SDK (7.39.0)

DEPENDENCIES:
  - Google-Mobile-Ads-SDK

SPEC REPOS:
  https://github.com/cocoapods/specs.git:
    - Google-Mobile-Ads-SDK

SPEC CHECKSUMS:
  Google-Mobile-Ads-SDK: d0f10a7c4d7015db23075ff316602350d12049db

PODFILE CHECKSUM: 2d16504e9065e6e023e0ef534263fd59f4c5452e

COCOAPODS: 1.5.3
