PODS:
  - Google-Mobile-Ads-SDK (11.10.0):
    - GoogleUserMessagingPlatform (>= 1.1)
  - GoogleUserMessagingPlatform (2.6.0)

DEPENDENCIES:
  - Google-Mobile-Ads-SDK
  - GoogleUserMessagingPlatform

SPEC REPOS:
  trunk:
    - Google-Mobile-Ads-SDK
    - GoogleUserMessagingPlatform

SPEC CHECKSUMS:
  Google-Mobile-Ads-SDK: 13e6e98edfd78ad8d8a791edb927658cc260a56f
  GoogleUserMessagingPlatform: 0c3a08353e53ce8c2feab7addd0b652cde522450

PODFILE CHECKSUM: 8e0c0c662d559161a504116496b549b08173b2bd

COCOAPODS: 1.15.2
