PODS:
  - Firebase/AdMob (3.16.0):
    - Firebase/Core
    - Google-Mobile-Ads-SDK (= 7.19.1)
  - Firebase/Core (3.16.0):
    - FirebaseAnalytics (= 3.8.0)
    - FirebaseCore (= 3.6.0)
  - FirebaseAnalytics (3.8.0):
    - FirebaseCore (~> 3.6)
    - FirebaseInstanceID (~> 1.0)
    - GoogleToolboxForMac/NSData+zlib (~> 2.1)
  - FirebaseCore (3.6.0):
    - GoogleToolboxForMac/NSData+zlib (~> 2.1)
  - FirebaseInstanceID (1.0.10):
    - FirebaseCore (~> 3.6)
  - Google-Mobile-Ads-SDK (7.19.1)
  - GoogleToolboxForMac/Defines (2.1.1)
  - GoogleToolboxForMac/NSData+zlib (2.1.1):
    - GoogleToolboxForMac/Defines (= 2.1.1)

DEPENDENCIES:
  - Firebase/AdMob
  - Firebase/Core

SPEC CHECKSUMS:
  Firebase: 21bf4a89d3f01bfbe11adc3a5d934a4a3d3a5fd6
  FirebaseAnalytics: 920e46455f27b0a52a80907a6d9b73ee4bd1c635
  FirebaseCore: 9691ee2ade70c098d7cf92440f4303f16d83ca75
  FirebaseInstanceID: b9eedd6846fb5e1f0f7279e1deaa7a7e4cf8392e
  Google-Mobile-Ads-SDK: 43ac87810e4961f5093024d3525bfe022f956da3
  GoogleToolboxForMac: 8e329f1b599f2512c6b10676d45736bcc2cbbeb0

PODFILE CHECKSUM: f51085c4b1587e4a2791ffee0a18fba90b84b6c6

COCOAPODS: 1.2.0
