// !$*UTF8*$!
{
	archiveVersion = 1;
	classes = {
	};
	objectVersion = 46;
	objects = {

/* Begin PBXBuildFile section */
		2682C7371CE93662000958E2 /* GoogleService-Info.plist in Resources */ = {isa = PBXBuildFile; fileRef = 2682C7361CE93662000958E2 /* GoogleService-Info.plist */; };
		CF9F261F1991396300F5C44E /* main.m in Sources */ = {isa = PBXBuildFile; fileRef = CF9F261E1991396300F5C44E /* main.m */; };
		CF9F26221991396300F5C44E /* AppDelegate.m in Sources */ = {isa = PBXBuildFile; fileRef = CF9F26211991396300F5C44E /* AppDelegate.m */; };
		CF9F26251991396300F5C44E /* ViewController.m in Sources */ = {isa = PBXBuildFile; fileRef = CF9F26241991396300F5C44E /* ViewController.m */; };
		CF9F26281991396300F5C44E /* Main.storyboard in Resources */ = {isa = PBXBuildFile; fileRef = CF9F26261991396300F5C44E /* Main.storyboard */; };
		CF9F262A1991396400F5C44E /* Images.xcassets in Resources */ = {isa = PBXBuildFile; fileRef = CF9F26291991396400F5C44E /* Images.xcassets */; };
/* End PBXBuildFile section */

/* Begin PBXFileReference section */
		2682C7361CE93662000958E2 /* GoogleService-Info.plist */ = {isa = PBXFileReference; fileEncoding = 4; lastKnownFileType = text.plist.xml; path = "GoogleService-Info.plist"; sourceTree = "<group>"; };
		CF9F26191991396300F5C44E /* InterstitialExample.app */ = {isa = PBXFileReference; explicitFileType = wrapper.application; includeInIndex = 0; path = InterstitialExample.app; sourceTree = BUILT_PRODUCTS_DIR; };
		CF9F261D1991396300F5C44E /* Info.plist */ = {isa = PBXFileReference; lastKnownFileType = text.plist.xml; path = Info.plist; sourceTree = "<group>"; };
		CF9F261E1991396300F5C44E /* main.m */ = {isa = PBXFileReference; lastKnownFileType = sourcecode.c.objc; path = main.m; sourceTree = "<group>"; };
		CF9F26201991396300F5C44E /* AppDelegate.h */ = {isa = PBXFileReference; lastKnownFileType = sourcecode.c.h; path = AppDelegate.h; sourceTree = "<group>"; };
		CF9F26211991396300F5C44E /* AppDelegate.m */ = {isa = PBXFileReference; lastKnownFileType = sourcecode.c.objc; path = AppDelegate.m; sourceTree = "<group>"; };
		CF9F26231991396300F5C44E /* ViewController.h */ = {isa = PBXFileReference; lastKnownFileType = sourcecode.c.h; path = ViewController.h; sourceTree = "<group>"; };
		CF9F26241991396300F5C44E /* ViewController.m */ = {isa = PBXFileReference; lastKnownFileType = sourcecode.c.objc; path = ViewController.m; sourceTree = "<group>"; };
		CF9F26271991396300F5C44E /* Base */ = {isa = PBXFileReference; lastKnownFileType = file.storyboard; name = Base; path = Base.lproj/Main.storyboard; sourceTree = "<group>"; };
		CF9F26291991396400F5C44E /* Images.xcassets */ = {isa = PBXFileReference; lastKnownFileType = folder.assetcatalog; path = Images.xcassets; sourceTree = "<group>"; };
/* End PBXFileReference section */

/* Begin PBXFrameworksBuildPhase section */
		CF9F26161991396300F5C44E /* Frameworks */ = {
			isa = PBXFrameworksBuildPhase;
			buildActionMask = 2147483647;
			files = (
			);
			runOnlyForDeploymentPostprocessing = 0;
		};
/* End PBXFrameworksBuildPhase section */

/* Begin PBXGroup section */
		CF9F26101991396300F5C44E = {
			isa = PBXGroup;
			children = (
				CF9F261B1991396300F5C44E /* InterstitialExample */,
				CF9F261A1991396300F5C44E /* Products */,
			);
			sourceTree = "<group>";
		};
		CF9F261A1991396300F5C44E /* Products */ = {
			isa = PBXGroup;
			children = (
				CF9F26191991396300F5C44E /* InterstitialExample.app */,
			);
			name = Products;
			sourceTree = "<group>";
		};
		CF9F261B1991396300F5C44E /* InterstitialExample */ = {
			isa = PBXGroup;
			children = (
				2682C7361CE93662000958E2 /* GoogleService-Info.plist */,
				CF9F26201991396300F5C44E /* AppDelegate.h */,
				CF9F26211991396300F5C44E /* AppDelegate.m */,
				CF9F26231991396300F5C44E /* ViewController.h */,
				CF9F26241991396300F5C44E /* ViewController.m */,
				CF9F26261991396300F5C44E /* Main.storyboard */,
				CF9F26291991396400F5C44E /* Images.xcassets */,
				CF9F261C1991396300F5C44E /* Supporting Files */,
			);
			path = InterstitialExample;
			sourceTree = "<group>";
		};
		CF9F261C1991396300F5C44E /* Supporting Files */ = {
			isa = PBXGroup;
			children = (
				CF9F261D1991396300F5C44E /* Info.plist */,
				CF9F261E1991396300F5C44E /* main.m */,
			);
			name = "Supporting Files";
			sourceTree = "<group>";
		};
/* End PBXGroup section */

/* Begin PBXNativeTarget section */
		CF9F26181991396300F5C44E /* InterstitialExample */ = {
			isa = PBXNativeTarget;
			buildConfigurationList = CF9F26391991396400F5C44E /* Build configuration list for PBXNativeTarget "InterstitialExample" */;
			buildPhases = (
				CF9F26151991396300F5C44E /* Sources */,
				CF9F26161991396300F5C44E /* Frameworks */,
				CF9F26171991396300F5C44E /* Resources */,
			);
			buildRules = (
			);
			dependencies = (
			);
			name = InterstitialExample;
			productName = InterstitialExample;
			productReference = CF9F26191991396300F5C44E /* InterstitialExample.app */;
			productType = "com.apple.product-type.application";
		};
/* End PBXNativeTarget section */

/* Begin PBXProject section */
		CF9F26111991396300F5C44E /* Project object */ = {
			isa = PBXProject;
			attributes = {
				LastUpgradeCheck = 0720;
				ORGANIZATIONNAME = Google;
				TargetAttributes = {
					CF9F26181991396300F5C44E = {
						CreatedOnToolsVersion = 6.0;
					};
				};
			};
			buildConfigurationList = CF9F26141991396300F5C44E /* Build configuration list for PBXProject "InterstitialExample" */;
			compatibilityVersion = "Xcode 3.2";
			developmentRegion = English;
			hasScannedForEncodings = 0;
			knownRegions = (
				en,
				Base,
			);
			mainGroup = CF9F26101991396300F5C44E;
			productRefGroup = CF9F261A1991396300F5C44E /* Products */;
			projectDirPath = "";
			projectRoot = "";
			targets = (
				CF9F26181991396300F5C44E /* InterstitialExample */,
			);
		};
/* End PBXProject section */

/* Begin PBXResourcesBuildPhase section */
		CF9F26171991396300F5C44E /* Resources */ = {
			isa = PBXResourcesBuildPhase;
			buildActionMask = 2147483647;
			files = (
				CF9F26281991396300F5C44E /* Main.storyboard in Resources */,
				CF9F262A1991396400F5C44E /* Images.xcassets in Resources */,
				2682C7371CE93662000958E2 /* GoogleService-Info.plist in Resources */,
			);
			runOnlyForDeploymentPostprocessing = 0;
		};
/* End PBXResourcesBuildPhase section */

/* Begin PBXSourcesBuildPhase section */
		CF9F26151991396300F5C44E /* Sources */ = {
			isa = PBXSourcesBuildPhase;
			buildActionMask = 2147483647;
			files = (
				CF9F26251991396300F5C44E /* ViewController.m in Sources */,
				CF9F26221991396300F5C44E /* AppDelegate.m in Sources */,
				CF9F261F1991396300F5C44E /* main.m in Sources */,
			);
			runOnlyForDeploymentPostprocessing = 0;
		};
/* End PBXSourcesBuildPhase section */

/* Begin PBXVariantGroup section */
		CF9F26261991396300F5C44E /* Main.storyboard */ = {
			isa = PBXVariantGroup;
			children = (
				CF9F26271991396300F5C44E /* Base */,
			);
			name = Main.storyboard;
			sourceTree = "<group>";
		};
/* End PBXVariantGroup section */

/* Begin XCBuildConfiguration section */
		CF9F26371991396400F5C44E /* Debug */ = {
			isa = XCBuildConfiguration;
			buildSettings = {
				ALWAYS_SEARCH_USER_PATHS = NO;
				CLANG_CXX_LANGUAGE_STANDARD = "gnu++0x";
				CLANG_CXX_LIBRARY = "libc++";
				CLANG_ENABLE_MODULES = YES;
				CLANG_ENABLE_OBJC_ARC = YES;
				CLANG_WARN_BOOL_CONVERSION = YES;
				CLANG_WARN_CONSTANT_CONVERSION = YES;
				CLANG_WARN_DIRECT_OBJC_ISA_USAGE = YES_ERROR;
				CLANG_WARN_EMPTY_BODY = YES;
				CLANG_WARN_ENUM_CONVERSION = YES;
				CLANG_WARN_INT_CONVERSION = YES;
				CLANG_WARN_OBJC_ROOT_CLASS = YES_ERROR;
				CLANG_WARN_UNREACHABLE_CODE = YES;
				CLANG_WARN__DUPLICATE_METHOD_MATCH = YES;
				"CODE_SIGN_IDENTITY[sdk=iphoneos*]" = "iPhone Developer";
				COPY_PHASE_STRIP = NO;
				ENABLE_BITCODE = YES;
				ENABLE_STRICT_OBJC_MSGSEND = YES;
				ENABLE_TESTABILITY = YES;
				GCC_C_LANGUAGE_STANDARD = gnu99;
				GCC_DYNAMIC_NO_PIC = NO;
				GCC_OPTIMIZATION_LEVEL = 0;
				GCC_PREPROCESSOR_DEFINITIONS = (
					"DEBUG=1",
					"$(inherited)",
				);
				GCC_SYMBOLS_PRIVATE_EXTERN = NO;
				GCC_WARN_64_TO_32_BIT_CONVERSION = YES;
				GCC_WARN_ABOUT_RETURN_TYPE = YES_ERROR;
				GCC_WARN_UNDECLARED_SELECTOR = YES;
				GCC_WARN_UNINITIALIZED_AUTOS = YES_AGGRESSIVE;
				GCC_WARN_UNUSED_FUNCTION = YES;
				GCC_WARN_UNUSED_VARIABLE = YES;
				IPHONEOS_DEPLOYMENT_TARGET = 6.0;
				MTL_ENABLE_DEBUG_INFO = YES;
				ONLY_ACTIVE_ARCH = YES;
				SDKROOT = iphoneos;
				TARGETED_DEVICE_FAMILY = "1,2";
			};
			name = Debug;
		};
		CF9F26381991396400F5C44E /* Release */ = {
			isa = XCBuildConfiguration;
			buildSettings = {
				ALWAYS_SEARCH_USER_PATHS = NO;
				CLANG_CXX_LANGUAGE_STANDARD = "gnu++0x";
				CLANG_CXX_LIBRARY = "libc++";
				CLANG_ENABLE_MODULES = YES;
				CLANG_ENABLE_OBJC_ARC = YES;
				CLANG_WARN_BOOL_CONVERSION = YES;
				CLANG_WARN_CONSTANT_CONVERSION = YES;
				CLANG_WARN_DIRECT_OBJC_ISA_USAGE = YES_ERROR;
				CLANG_WARN_EMPTY_BODY = YES;
				CLANG_WARN_ENUM_CONVERSION = YES;
				CLANG_WARN_INT_CONVERSION = YES;
				CLANG_WARN_OBJC_ROOT_CLASS = YES_ERROR;
				CLANG_WARN_UNREACHABLE_CODE = YES;
				CLANG_WARN__DUPLICATE_METHOD_MATCH = YES;
				"CODE_SIGN_IDENTITY[sdk=iphoneos*]" = "iPhone Developer";
				COPY_PHASE_STRIP = YES;
				ENABLE_BITCODE = YES;
				ENABLE_NS_ASSERTIONS = NO;
				ENABLE_STRICT_OBJC_MSGSEND = YES;
				GCC_C_LANGUAGE_STANDARD = gnu99;
				GCC_WARN_64_TO_32_BIT_CONVERSION = YES;
				GCC_WARN_ABOUT_RETURN_TYPE = YES_ERROR;
				GCC_WARN_UNDECLARED_SELECTOR = YES;
				GCC_WARN_UNINITIALIZED_AUTOS = YES_AGGRESSIVE;
				GCC_WARN_UNUSED_FUNCTION = YES;
				GCC_WARN_UNUSED_VARIABLE = YES;
				IPHONEOS_DEPLOYMENT_TARGET = 6.0;
				MTL_ENABLE_DEBUG_INFO = NO;
				SDKROOT = iphoneos;
				TARGETED_DEVICE_FAMILY = "1,2";
				VALIDATE_PRODUCT = YES;
			};
			name = Release;
		};
		CF9F263A1991396400F5C44E /* Debug */ = {
			isa = XCBuildConfiguration;
			buildSettings = {
				ASSETCATALOG_COMPILER_APPICON_NAME = AppIcon;
				ASSETCATALOG_COMPILER_LAUNCHIMAGE_NAME = LaunchImage;
				INFOPLIST_FILE = InterstitialExample/Info.plist;
				IPHONEOS_DEPLOYMENT_TARGET = 7.0;
				LD_RUNPATH_SEARCH_PATHS = "$(inherited) @executable_path/Frameworks";
				PRODUCT_BUNDLE_IDENTIFIER = "com.google.example.${PRODUCT_NAME:rfc1034identifier}";
				PRODUCT_NAME = "$(TARGET_NAME)";
			};
			name = Debug;
		};
		CF9F263B1991396400F5C44E /* Release */ = {
			isa = XCBuildConfiguration;
			buildSettings = {
				ASSETCATALOG_COMPILER_APPICON_NAME = AppIcon;
				ASSETCATALOG_COMPILER_LAUNCHIMAGE_NAME = LaunchImage;
				INFOPLIST_FILE = InterstitialExample/Info.plist;
				IPHONEOS_DEPLOYMENT_TARGET = 7.0;
				LD_RUNPATH_SEARCH_PATHS = "$(inherited) @executable_path/Frameworks";
				PRODUCT_BUNDLE_IDENTIFIER = "com.google.example.${PRODUCT_NAME:rfc1034identifier}";
				PRODUCT_NAME = "$(TARGET_NAME)";
			};
			name = Release;
		};
/* End XCBuildConfiguration section */

/* Begin XCConfigurationList section */
		CF9F26141991396300F5C44E /* Build configuration list for PBXProject "InterstitialExample" */ = {
			isa = XCConfigurationList;
			buildConfigurations = (
				CF9F26371991396400F5C44E /* Debug */,
				CF9F26381991396400F5C44E /* Release */,
			);
			defaultConfigurationIsVisible = 0;
			defaultConfigurationName = Release;
		};
		CF9F26391991396400F5C44E /* Build configuration list for PBXNativeTarget "InterstitialExample" */ = {
			isa = XCConfigurationList;
			buildConfigurations = (
				CF9F263A1991396400F5C44E /* Debug */,
				CF9F263B1991396400F5C44E /* Release */,
			);
			defaultConfigurationIsVisible = 0;
			defaultConfigurationName = Release;
		};
/* End XCConfigurationList section */
	};
	rootObject = CF9F26111991396300F5C44E /* Project object */;
}
