PODS:
  - Google-Mobile-Ads-SDK (7.38.0)

DEPENDENCIES:
  - Google-Mobile-Ads-SDK

SPEC REPOS:
  https://github.com/cocoapods/specs.git:
    - Google-Mobile-Ads-SDK

SPEC CHECKSUMS:
  Google-Mobile-Ads-SDK: fec4a72b71a81302d3fd75454df3417c03c50ed5

PODFILE CHECKSUM: 5f468b99d7f7e2ffeb2a510cbb9002bab536908f

COCOAPODS: 1.5.3
