PODS:
  - Google-Mobile-Ads-SDK (12.12.0):
    - GoogleUserMessagingPlatform (>= 1.1)
  - GoogleUserMessagingPlatform (3.1.0)

DEPENDENCIES:
  - Google-Mobile-Ads-SDK
  - GoogleUserMessagingPlatform

SPEC REPOS:
  trunk:
    - Google-Mobile-Ads-SDK
    - GoogleUserMessagingPlatform

SPEC CHECKSUMS:
  Google-Mobile-Ads-SDK: 4dde70a8c18d96b14f9548759b8cec6ecb0bc3e6
  GoogleUserMessagingPlatform: befe603da6501006420c206222acd449bba45a9c

PODFILE CHECKSUM: f0082fccf6b0c6dc5b236327cac6e7b9e657893c

COCOAPODS: 1.16.2
