// !$*UTF8*$!
{
	archiveVersion = 1;
	classes = {
	};
	objectVersion = 46;
	objects = {

/* Begin PBXBuildFile section */
		507818B2219653FF00E5A44A /* AppDelegate.swift in Sources */ = {isa = PBXBuildFile; fileRef = 507818AA219653FF00E5A44A /* AppDelegate.swift */; };
		507818B3219653FF00E5A44A /* LaunchScreen.xib in Resources */ = {isa = PBXBuildFile; fileRef = 507818AB219653FF00E5A44A /* LaunchScreen.xib */; };
		507818B4219653FF00E5A44A /* Main.storyboard in Resources */ = {isa = PBXBuildFile; fileRef = 507818AD219653FF00E5A44A /* Main.storyboard */; };
		507818B5219653FF00E5A44A /* Images.xcassets in Resources */ = {isa = PBXBuildFile; fileRef = 507818AF219653FF00E5A44A /* Images.xcassets */; };
		507818B7219653FF00E5A44A /* ViewController.swift in Sources */ = {isa = PBXBuildFile; fileRef = 507818B1219653FF00E5A44A /* ViewController.swift */; };
/* End PBXBuildFile section */

/* Begin PBXFileReference section */
		507818AA219653FF00E5A44A /* AppDelegate.swift */ = {isa = PBXFileReference; fileEncoding = 4; lastKnownFileType = sourcecode.swift; path = AppDelegate.swift; sourceTree = "<group>"; };
		507818AC219653FF00E5A44A /* Base */ = {isa = PBXFileReference; lastKnownFileType = file.xib; name = Base; path = Base.lproj/LaunchScreen.xib; sourceTree = "<group>"; };
		507818AE219653FF00E5A44A /* Base */ = {isa = PBXFileReference; lastKnownFileType = file.storyboard; name = Base; path = Base.lproj/Main.storyboard; sourceTree = "<group>"; };
		507818AF219653FF00E5A44A /* Images.xcassets */ = {isa = PBXFileReference; lastKnownFileType = folder.assetcatalog; path = Images.xcassets; sourceTree = "<group>"; };
		507818B0219653FF00E5A44A /* Info.plist */ = {isa = PBXFileReference; fileEncoding = 4; lastKnownFileType = text.plist.xml; path = Info.plist; sourceTree = "<group>"; };
		507818B1219653FF00E5A44A /* ViewController.swift */ = {isa = PBXFileReference; fileEncoding = 4; lastKnownFileType = sourcecode.swift; path = ViewController.swift; sourceTree = "<group>"; };
		84FEE8DD1B0D4D47006C8148 /* AdManagerBannerExample.app */ = {isa = PBXFileReference; explicitFileType = wrapper.application; includeInIndex = 0; path = AdManagerBannerExample.app; sourceTree = BUILT_PRODUCTS_DIR; };
/* End PBXFileReference section */

/* Begin PBXFrameworksBuildPhase section */
		84FEE8DA1B0D4D47006C8148 /* Frameworks */ = {
			isa = PBXFrameworksBuildPhase;
			buildActionMask = 2147483647;
			files = (
			);
			runOnlyForDeploymentPostprocessing = 0;
		};
/* End PBXFrameworksBuildPhase section */

/* Begin PBXGroup section */
		507818A9219653FF00E5A44A /* AdManagerBannerExample */ = {
			isa = PBXGroup;
			children = (
				507818AA219653FF00E5A44A /* AppDelegate.swift */,
				507818AB219653FF00E5A44A /* LaunchScreen.xib */,
				507818AD219653FF00E5A44A /* Main.storyboard */,
				507818AF219653FF00E5A44A /* Images.xcassets */,
				507818B0219653FF00E5A44A /* Info.plist */,
				507818B1219653FF00E5A44A /* ViewController.swift */,
			);
			path = AdManagerBannerExample;
			sourceTree = "<group>";
		};
		84FEE8D41B0D4D47006C8148 = {
			isa = PBXGroup;
			children = (
				507818A9219653FF00E5A44A /* AdManagerBannerExample */,
				84FEE8DE1B0D4D47006C8148 /* Products */,
			);
			sourceTree = "<group>";
		};
		84FEE8DE1B0D4D47006C8148 /* Products */ = {
			isa = PBXGroup;
			children = (
				84FEE8DD1B0D4D47006C8148 /* AdManagerBannerExample.app */,
			);
			name = Products;
			sourceTree = "<group>";
		};
/* End PBXGroup section */

/* Begin PBXNativeTarget section */
		84FEE8DC1B0D4D47006C8148 /* AdManagerBannerExample */ = {
			isa = PBXNativeTarget;
			buildConfigurationList = 84FEE8FC1B0D4D47006C8148 /* Build configuration list for PBXNativeTarget "AdManagerBannerExample" */;
			buildPhases = (
				84FEE8D91B0D4D47006C8148 /* Sources */,
				84FEE8DA1B0D4D47006C8148 /* Frameworks */,
				84FEE8DB1B0D4D47006C8148 /* Resources */,
			);
			buildRules = (
			);
			dependencies = (
			);
			name = AdManagerBannerExample;
			productName = AdManagerBannerExample;
			productReference = 84FEE8DD1B0D4D47006C8148 /* AdManagerBannerExample.app */;
			productType = "com.apple.product-type.application";
		};
/* End PBXNativeTarget section */

/* Begin PBXProject section */
		84FEE8D51B0D4D47006C8148 /* Project object */ = {
			isa = PBXProject;
			attributes = {
				LastSwiftMigration = 0700;
				LastSwiftUpdateCheck = 0700;
				LastUpgradeCheck = 0800;
				ORGANIZATIONNAME = Google;
				TargetAttributes = {
					84FEE8DC1B0D4D47006C8148 = {
						CreatedOnToolsVersion = 6.2;
						LastSwiftMigration = 0900;
					};
				};
			};
			buildConfigurationList = 84FEE8D81B0D4D47006C8148 /* Build configuration list for PBXProject "AdManagerBannerExample" */;
			compatibilityVersion = "Xcode 3.2";
			developmentRegion = English;
			hasScannedForEncodings = 0;
			knownRegions = (
				en,
				Base,
			);
			mainGroup = 84FEE8D41B0D4D47006C8148;
			productRefGroup = 84FEE8DE1B0D4D47006C8148 /* Products */;
			projectDirPath = "";
			projectRoot = "";
			targets = (
				84FEE8DC1B0D4D47006C8148 /* AdManagerBannerExample */,
			);
		};
/* End PBXProject section */

/* Begin PBXResourcesBuildPhase section */
		84FEE8DB1B0D4D47006C8148 /* Resources */ = {
			isa = PBXResourcesBuildPhase;
			buildActionMask = 2147483647;
			files = (
				507818B5219653FF00E5A44A /* Images.xcassets in Resources */,
				507818B3219653FF00E5A44A /* LaunchScreen.xib in Resources */,
				507818B4219653FF00E5A44A /* Main.storyboard in Resources */,
			);
			runOnlyForDeploymentPostprocessing = 0;
		};
/* End PBXResourcesBuildPhase section */

/* Begin PBXSourcesBuildPhase section */
		84FEE8D91B0D4D47006C8148 /* Sources */ = {
			isa = PBXSourcesBuildPhase;
			buildActionMask = 2147483647;
			files = (
				507818B7219653FF00E5A44A /* ViewController.swift in Sources */,
				507818B2219653FF00E5A44A /* AppDelegate.swift in Sources */,
			);
			runOnlyForDeploymentPostprocessing = 0;
		};
/* End PBXSourcesBuildPhase section */

/* Begin PBXVariantGroup section */
		507818AB219653FF00E5A44A /* LaunchScreen.xib */ = {
			isa = PBXVariantGroup;
			children = (
				507818AC219653FF00E5A44A /* Base */,
			);
			name = LaunchScreen.xib;
			sourceTree = "<group>";
		};
		507818AD219653FF00E5A44A /* Main.storyboard */ = {
			isa = PBXVariantGroup;
			children = (
				507818AE219653FF00E5A44A /* Base */,
			);
			name = Main.storyboard;
			sourceTree = "<group>";
		};
/* End PBXVariantGroup section */

/* Begin XCBuildConfiguration section */
		84FEE8FA1B0D4D47006C8148 /* Debug */ = {
			isa = XCBuildConfiguration;
			buildSettings = {
				ALWAYS_SEARCH_USER_PATHS = NO;
				CLANG_CXX_LANGUAGE_STANDARD = "gnu++0x";
				CLANG_CXX_LIBRARY = "libc++";
				CLANG_ENABLE_MODULES = YES;
				CLANG_ENABLE_OBJC_ARC = YES;
				CLANG_WARN_BOOL_CONVERSION = YES;
				CLANG_WARN_CONSTANT_CONVERSION = YES;
				CLANG_WARN_DIRECT_OBJC_ISA_USAGE = YES_ERROR;
				CLANG_WARN_EMPTY_BODY = YES;
				CLANG_WARN_ENUM_CONVERSION = YES;
				CLANG_WARN_INFINITE_RECURSION = YES;
				CLANG_WARN_INT_CONVERSION = YES;
				CLANG_WARN_OBJC_ROOT_CLASS = YES_ERROR;
				CLANG_WARN_SUSPICIOUS_MOVE = YES;
				CLANG_WARN_UNREACHABLE_CODE = YES;
				CLANG_WARN__DUPLICATE_METHOD_MATCH = YES;
				"CODE_SIGN_IDENTITY[sdk=iphoneos*]" = "iPhone Developer";
				COPY_PHASE_STRIP = NO;
				ENABLE_BITCODE = YES;
				ENABLE_STRICT_OBJC_MSGSEND = YES;
				ENABLE_TESTABILITY = YES;
				GCC_C_LANGUAGE_STANDARD = gnu99;
				GCC_DYNAMIC_NO_PIC = NO;
				GCC_NO_COMMON_BLOCKS = YES;
				GCC_OPTIMIZATION_LEVEL = 0;
				GCC_PREPROCESSOR_DEFINITIONS = (
					"DEBUG=1",
					"$(inherited)",
				);
				GCC_SYMBOLS_PRIVATE_EXTERN = NO;
				GCC_WARN_64_TO_32_BIT_CONVERSION = YES;
				GCC_WARN_ABOUT_RETURN_TYPE = YES_ERROR;
				GCC_WARN_UNDECLARED_SELECTOR = YES;
				GCC_WARN_UNINITIALIZED_AUTOS = YES_AGGRESSIVE;
				GCC_WARN_UNUSED_FUNCTION = YES;
				GCC_WARN_UNUSED_VARIABLE = YES;
				IPHONEOS_DEPLOYMENT_TARGET = 9.0;
				MTL_ENABLE_DEBUG_INFO = YES;
				ONLY_ACTIVE_ARCH = YES;
				SDKROOT = iphoneos;
				SWIFT_OPTIMIZATION_LEVEL = "-Onone";
				SWIFT_VERSION = 3.0.1;
				TARGETED_DEVICE_FAMILY = "1,2";
			};
			name = Debug;
		};
		84FEE8FB1B0D4D47006C8148 /* Release */ = {
			isa = XCBuildConfiguration;
			buildSettings = {
				ALWAYS_SEARCH_USER_PATHS = NO;
				CLANG_CXX_LANGUAGE_STANDARD = "gnu++0x";
				CLANG_CXX_LIBRARY = "libc++";
				CLANG_ENABLE_MODULES = YES;
				CLANG_ENABLE_OBJC_ARC = YES;
				CLANG_WARN_BOOL_CONVERSION = YES;
				CLANG_WARN_CONSTANT_CONVERSION = YES;
				CLANG_WARN_DIRECT_OBJC_ISA_USAGE = YES_ERROR;
				CLANG_WARN_EMPTY_BODY = YES;
				CLANG_WARN_ENUM_CONVERSION = YES;
				CLANG_WARN_INFINITE_RECURSION = YES;
				CLANG_WARN_INT_CONVERSION = YES;
				CLANG_WARN_OBJC_ROOT_CLASS = YES_ERROR;
				CLANG_WARN_SUSPICIOUS_MOVE = YES;
				CLANG_WARN_UNREACHABLE_CODE = YES;
				CLANG_WARN__DUPLICATE_METHOD_MATCH = YES;
				"CODE_SIGN_IDENTITY[sdk=iphoneos*]" = "iPhone Developer";
				COPY_PHASE_STRIP = NO;
				ENABLE_BITCODE = YES;
				ENABLE_NS_ASSERTIONS = NO;
				ENABLE_STRICT_OBJC_MSGSEND = YES;
				GCC_C_LANGUAGE_STANDARD = gnu99;
				GCC_NO_COMMON_BLOCKS = YES;
				GCC_WARN_64_TO_32_BIT_CONVERSION = YES;
				GCC_WARN_ABOUT_RETURN_TYPE = YES_ERROR;
				GCC_WARN_UNDECLARED_SELECTOR = YES;
				GCC_WARN_UNINITIALIZED_AUTOS = YES_AGGRESSIVE;
				GCC_WARN_UNUSED_FUNCTION = YES;
				GCC_WARN_UNUSED_VARIABLE = YES;
				IPHONEOS_DEPLOYMENT_TARGET = 9.0;
				MTL_ENABLE_DEBUG_INFO = NO;
				SDKROOT = iphoneos;
				SWIFT_OPTIMIZATION_LEVEL = "-Owholemodule";
				SWIFT_VERSION = 3.0.1;
				TARGETED_DEVICE_FAMILY = "1,2";
				VALIDATE_PRODUCT = YES;
			};
			name = Release;
		};
		84FEE8FD1B0D4D47006C8148 /* Debug */ = {
			isa = XCBuildConfiguration;
			buildSettings = {
				ASSETCATALOG_COMPILER_APPICON_NAME = AppIcon;
				ASSETCATALOG_COMPILER_LAUNCHIMAGE_NAME = LaunchImages;
				FRAMEWORK_SEARCH_PATHS = "$(inherited)";
				GCC_INSTRUMENT_PROGRAM_FLOW_ARCS = YES;
				INFOPLIST_FILE = "$(SRCROOT)/AdManagerBannerExample/Info.plist";
				IPHONEOS_DEPLOYMENT_TARGET = 9.0;
				LD_RUNPATH_SEARCH_PATHS = "$(inherited) @executable_path/Frameworks";
				PRODUCT_BUNDLE_IDENTIFIER = "com.google.ads.$(PRODUCT_NAME:rfc1034identifier)";
				PRODUCT_NAME = "$(TARGET_NAME)";
				SWIFT_SWIFT3_OBJC_INFERENCE = Default;
				SWIFT_VERSION = 5.0;
			};
			name = Debug;
		};
		84FEE8FE1B0D4D47006C8148 /* Release */ = {
			isa = XCBuildConfiguration;
			buildSettings = {
				ASSETCATALOG_COMPILER_APPICON_NAME = AppIcon;
				ASSETCATALOG_COMPILER_LAUNCHIMAGE_NAME = LaunchImages;
				FRAMEWORK_SEARCH_PATHS = "$(inherited)";
				GCC_INSTRUMENT_PROGRAM_FLOW_ARCS = YES;
				INFOPLIST_FILE = "$(SRCROOT)/AdManagerBannerExample/Info.plist";
				IPHONEOS_DEPLOYMENT_TARGET = 9.0;
				LD_RUNPATH_SEARCH_PATHS = "$(inherited) @executable_path/Frameworks";
				PRODUCT_BUNDLE_IDENTIFIER = "com.google.ads.$(PRODUCT_NAME:rfc1034identifier)";
				PRODUCT_NAME = "$(TARGET_NAME)";
				SWIFT_SWIFT3_OBJC_INFERENCE = Default;
				SWIFT_VERSION = 5.0;
			};
			name = Release;
		};
/* End XCBuildConfiguration section */

/* Begin XCConfigurationList section */
		84FEE8D81B0D4D47006C8148 /* Build configuration list for PBXProject "AdManagerBannerExample" */ = {
			isa = XCConfigurationList;
			buildConfigurations = (
				84FEE8FA1B0D4D47006C8148 /* Debug */,
				84FEE8FB1B0D4D47006C8148 /* Release */,
			);
			defaultConfigurationIsVisible = 0;
			defaultConfigurationName = Release;
		};
		84FEE8FC1B0D4D47006C8148 /* Build configuration list for PBXNativeTarget "AdManagerBannerExample" */ = {
			isa = XCConfigurationList;
			buildConfigurations = (
				84FEE8FD1B0D4D47006C8148 /* Debug */,
				84FEE8FE1B0D4D47006C8148 /* Release */,
			);
			defaultConfigurationIsVisible = 0;
			defaultConfigurationName = Release;
		};
/* End XCConfigurationList section */
	};
	rootObject = 84FEE8D51B0D4D47006C8148 /* Project object */;
}
